
Microsoft Visual Studio Solution File, Format Version 12.00
# Visual Studio Version 18
VisualStudioVersion = 18.2.11415.280
MinimumVisualStudioVersion = 10.0.40219.1
Project("{9A19103F-16F7-4668-BE54-9A1E7A4F7556}") = "IBeam.Utilities", "IBeam.Utilities\IBeam.Utilities.csproj", "{C9303440-912B-4F45-AFD1-B8E4711F32FB}"
EndProject
Project("{FAE04EC0-301F-11D3-BF4B-00C04F79EFBC}") = "IBeam.Repositories.OrmLite", "IBeam.Repositories.OrmLite\IBeam.Repositories.OrmLite.csproj", "{B2CBB97D-5860-4BD9-B871-20F1B3291897}"
EndProject
Project("{FAE04EC0-301F-11D3-BF4B-00C04F79EFBC}") = "IBeam.Repositories.AzureTables", "IBeam.Repositories.AzureTables\IBeam.Repositories.AzureTables.csproj", "{5F3FBF84-6F4F-4B03-AA45-567FB5A54EA1}"
EndProject
Project("{FAE04EC0-301F-11D3-BF4B-00C04F79EFBC}") = "IBeam.Identity.Repositories.AzureTable", "IBeam.Identity.Repositories.AzureTable\IBeam.Identity.Repositories.AzureTable.csproj", "{211C25C1-1310-40A6-8520-9381D6B71435}"
EndProject
Project("{FAE04EC0-301F-11D3-BF4B-00C04F79EFBC}") = "IBeam.Identity.Repositories.EntityFramework", "IBeam.Identity.Repositories.EntityFramework\IBeam.Identity.Repositories.EntityFramework.csproj", "{59446BF1-7C30-4D55-A16D-71885EA0E2FA}"
EndProject
Project("{FAE04EC0-301F-11D3-BF4B-00C04F79EFBC}") = "IBeam.Identity.Api", "IBeam.Identity.Api\IBeam.Identity.Api.csproj", "{860E897B-0D38-4A96-949D-97F540EE012F}"
EndProject
Project("{FAE04EC0-301F-11D3-BF4B-00C04F79EFBC}") = "IBeam.Identity", "IBeam.Identity\IBeam.Identity.csproj", "{3B7185AD-8AD4-41D8-8D58-C48B1BB0289A}"
EndProject
Project("{FAE04EC0-301F-11D3-BF4B-00C04F79EFBC}") = "IBeam.Services.AutoMapper", "IBeam.Services.AutoMapper\IBeam.Services.AutoMapper.csproj", "{2126A805-7755-4704-BD6E-7556D07C3377}"
EndProject
Project("{FAE04EC0-301F-11D3-BF4B-00C04F79EFBC}") = "IBeam.Communications.Email.Smtp", "IBeam.Communications.Email.Smtp\IBeam.Communications.Email.Smtp.csproj", "{442C791A-0781-4C3F-88F7-113B404A34FA}"
EndProject
Project("{FAE04EC0-301F-11D3-BF4B-00C04F79EFBC}") = "IBeam.Communications.Email.PickupDirectory", "IBeam.Communications.Email.PickupDirectory\IBeam.Communications.Email.PickupDirectory.csproj", "{F4B529A2-67A4-4688-BA9A-4E479F28144F}"
EndProject
Project("{FAE04EC0-301F-11D3-BF4B-00C04F79EFBC}") = "IBeam.Communications.Sms.Twilio", "IBeam.Communications.Sms.Twilio\IBeam.Communications.Sms.Twilio.csproj", "{16A8C566-F3D0-45B5-ACD0-802548F4CDDD}"
EndProject
Project("{FAE04EC0-301F-11D3-BF4B-00C04F79EFBC}") = "IBeam.Communications.Email.AzureCommunications", "IBeam.Communications.Email.AzureCommunications\IBeam.Communications.Email.AzureCommunications.csproj", "{B3AF7C87-FE0B-4918-BB27-CD19F2401226}"
EndProject
Project("{FAE04EC0-301F-11D3-BF4B-00C04F79EFBC}") = "IBeam.Communications.Email.SendGrid", "IBeam.Communications.Email.SendGrid\IBeam.Communications.Email.SendGrid.csproj", "{46B5BC5E-51EB-4F0E-B967-02AB519DAE32}"
EndProject
Project("{FAE04EC0-301F-11D3-BF4B-00C04F79EFBC}") = "IBeam.Communications.Email.Templating", "IBeam.Communications.Email.Core\IBeam.Communications.Email.Templating.csproj", "{EEA705E9-326D-475C-95B2-446C692CA565}"
EndProject
Project("{FAE04EC0-301F-11D3-BF4B-00C04F79EFBC}") = "IBeam.Communications.Sms.AzureCommunications", "IBeam.Communications.Sms.AzureCommunications\IBeam.Communications.Sms.AzureCommunications.csproj", "{9A67A5C4-577D-4D75-A359-F3FBB6AB26DF}"
EndProject
Project("{2150E333-8FDC-42A3-9474-1A3956D46DE8}") = "Solution Items", "Solution Items", "{00DDA1C4-47B3-428A-8D9D-45B8AC00699B}"
	ProjectSection(SolutionItems) = preProject
		Directory.Build.Props = Directory.Build.Props
		version.json = version.json
	EndProjectSection
EndProject
Project("{FAE04EC0-301F-11D3-BF4B-00C04F79EFBC}") = "IBeam.Identity.Services", "IBeam.Identity.Services\IBeam.Identity.Services.csproj", "{4939B360-B54A-B261-9924-E33BCD68379E}"
EndProject
Project("{FAE04EC0-301F-11D3-BF4B-00C04F79EFBC}") = "IBeam.Tests.Identity.Services", "IBeam.Tests.Identity.Services\IBeam.Tests.Identity.Services.csproj", "{DF6B17E5-8593-4E4D-8072-00283999AE44}"
EndProject
Project("{FAE04EC0-301F-11D3-BF4B-00C04F79EFBC}") = "IBeam.Tests.Repositories.AzureTables", "IBeam.Tests.Repositories.AzureTables\IBeam.Tests.Repositories.AzureTables.csproj", "{1485C0E1-F273-4BD3-ADA5-BA6ABA819F22}"
EndProject
Project("{FAE04EC0-301F-11D3-BF4B-00C04F79EFBC}") = "IBeam.Api", "IBeam.Api\IBeam.Api.csproj", "{61AE2C98-1253-4AF1-A451-4E522047DC87}"
EndProject
Project("{FAE04EC0-301F-11D3-BF4B-00C04F79EFBC}") = "IBeam.Services", "IBeam.Services\IBeam.Services.csproj", "{87A847F3-C84F-4249-BA9D-F7CCE8377891}"
EndProject
Project("{FAE04EC0-301F-11D3-BF4B-00C04F79EFBC}") = "IBeam.Communications", "IBeam.Communications\IBeam.Communications.csproj", "{8CD2263D-96D9-48BE-848D-CA43E8E2C1FC}"
EndProject
Project("{FAE04EC0-301F-11D3-BF4B-00C04F79EFBC}") = "IBeam.Tests.Services", "IBeam.Tests.Services\IBeam.Tests.Services.csproj", "{8246078B-FCF4-42CF-810F-DA734C822D15}"
EndProject
Project("{FAE04EC0-301F-11D3-BF4B-00C04F79EFBC}") = "IBeam.Repositories", "IBeam.Repositories\IBeam.Repositories.csproj", "{5B7EACE8-C708-4EAD-B18D-D7A677C3615E}"
EndProject
Project("{FAE04EC0-301F-11D3-BF4B-00C04F79EFBC}") = "IBeam.Tests.Api", "IBeam.Tests.Api\IBeam.Tests.Api.csproj", "{117BF6C6-4FA9-46D9-80EB-4B847516BED5}"
EndProject
Project("{FAE04EC0-301F-11D3-BF4B-00C04F79EFBC}") = "IBeam.Tests.Communications", "IBeam.Tests.Communications\IBeam.Tests.Communications.csproj", "{902ADA35-FD22-425F-976F-866FC47BF95B}"
EndProject
Project("{FAE04EC0-301F-11D3-BF4B-00C04F79EFBC}") = "IBeam.Tests.Communications.Email.AzureCommunications", "IBeam.Tests.Communications.Email.AzureCommunications\IBeam.Tests.Communications.Email.AzureCommunications.csproj", "{B6014303-5EFF-40C9-97A5-4A37A8F37575}"
EndProject
Project("{FAE04EC0-301F-11D3-BF4B-00C04F79EFBC}") = "IBeam.Tests.Communications.Email.Core", "IBeam.Tests.Communications.Email.Core\IBeam.Tests.Communications.Email.Core.csproj", "{325D06CC-3914-466A-B5FC-73D438A33862}"
EndProject
Project("{FAE04EC0-301F-11D3-BF4B-00C04F79EFBC}") = "IBeam.Tests.Communications.Email.PickupDirectory", "IBeam.Tests.Communications.Email.PickupDirectory\IBeam.Tests.Communications.Email.PickupDirectory.csproj", "{B25BB773-A83E-4C45-A40F-CB93DDCEBDF8}"
EndProject
Project("{FAE04EC0-301F-11D3-BF4B-00C04F79EFBC}") = "IBeam.Tests.Communications.Email.SendGrid", "IBeam.Tests.Communications.Email.SendGrid\IBeam.Tests.Communications.Email.SendGrid.csproj", "{A4628F7E-8EBA-4E81-8939-B5F530C5B133}"
EndProject
Project("{FAE04EC0-301F-11D3-BF4B-00C04F79EFBC}") = "IBeam.Tests.Communications.Email.Smtp", "IBeam.Tests.Communications.Email.Smtp\IBeam.Tests.Communications.Email.Smtp.csproj", "{793AAABF-831B-4FA5-A2E1-D6F38F5A6373}"
EndProject
Project("{FAE04EC0-301F-11D3-BF4B-00C04F79EFBC}") = "IBeam.Tests.Communications.Sms.AzureCommunications", "IBeam.Tests.Communications.Sms.AzureCommunications\IBeam.Tests.Communications.Sms.AzureCommunications.csproj", "{C8D534D3-4873-4CE6-B9A7-6036248E59A8}"
EndProject
Project("{FAE04EC0-301F-11D3-BF4B-00C04F79EFBC}") = "IBeam.Tests.Communications.Sms.Twilio", "IBeam.Tests.Communications.Sms.Twilio\IBeam.Tests.Communications.Sms.Twilio.csproj", "{0779FCE9-330B-4246-960E-88026ECF68ED}"
EndProject
Project("{FAE04EC0-301F-11D3-BF4B-00C04F79EFBC}") = "IBeam.Tests.Identity", "IBeam.Tests.Identity\IBeam.Tests.Identity.csproj", "{6BA7AAFB-DC3A-4947-B0B4-8CEBF218B1BD}"
EndProject
Project("{FAE04EC0-301F-11D3-BF4B-00C04F79EFBC}") = "IBeam.Tests.Identity.Api", "IBeam.Tests.Identity.Api\IBeam.Tests.Identity.Api.csproj", "{CBBFE587-22FB-4AA3-A381-A58FB24475BC}"
EndProject
Project("{FAE04EC0-301F-11D3-BF4B-00C04F79EFBC}") = "IBeam.Tests.Identity.Repositories.AzureTable", "IBeam.Tests.Identity.Repositories.AzureTable\IBeam.Tests.Identity.Repositories.AzureTable.csproj", "{EFAEDF4A-F2DA-4562-B735-A3C945F69396}"
EndProject
Project("{FAE04EC0-301F-11D3-BF4B-00C04F79EFBC}") = "IBeam.Tests.Identity.Repositories.EntityFramework", "IBeam.Tests.Identity.Repositories.EntityFramework\IBeam.Tests.Identity.Repositories.EntityFramework.csproj", "{C06A35A8-140A-4ECA-AF34-AB379B4DC072}"
EndProject
Project("{FAE04EC0-301F-11D3-BF4B-00C04F79EFBC}") = "IBeam.Tests.Repositories", "IBeam.Tests.Repositories\IBeam.Tests.Repositories.csproj", "{EBF36540-BF14-4871-8502-8CF796CC56CB}"
EndProject
Project("{FAE04EC0-301F-11D3-BF4B-00C04F79EFBC}") = "IBeam.Tests.Repositories.OrmLite", "IBeam.Tests.Repositories.OrmLite\IBeam.Tests.Repositories.OrmLite.csproj", "{1DDA0DFF-019B-4455-B172-42261148E99D}"
EndProject
Project("{FAE04EC0-301F-11D3-BF4B-00C04F79EFBC}") = "IBeam.Tests.Services.AutoMapper", "IBeam.Tests.Services.AutoMapper\IBeam.Tests.Services.AutoMapper.csproj", "{217B5B96-1F3E-49EB-8FC7-DC3340079829}"
EndProject
Project("{FAE04EC0-301F-11D3-BF4B-00C04F79EFBC}") = "IBeam.Tests.Utilities", "IBeam.Tests.Utilities\IBeam.Tests.Utilities.csproj", "{AA64D5ED-9CCD-4C71-B4D2-0E046F0D2DD7}"
EndProject
Project("{FAE04EC0-301F-11D3-BF4B-00C04F79EFBC}") = "IBeam.Services.Logging", "IBeam.Services.Logging\IBeam.Services.Logging.csproj", "{0FE4560B-F190-4077-92BB-FAA2CA046C56}"
EndProject
Project("{FAE04EC0-301F-11D3-BF4B-00C04F79EFBC}") = "IBeam.Tests.Services.Logging", "IBeam.Tests.Services.Logging\IBeam.Tests.Services.Logging.csproj", "{BCDB5DFA-3B77-4748-AB8F-7F2EA2034A16}"
EndProject
Project("{FAE04EC0-301F-11D3-BF4B-00C04F79EFBC}") = "IBeam.Storage.Abstractions", "IBeam.Storage.Abstractions\IBeam.Storage.Abstractions.csproj", "{A5CA21EA-ABED-43E9-8EAF-20399847328A}"
EndProject
Project("{FAE04EC0-301F-11D3-BF4B-00C04F79EFBC}") = "IBeam.Storage.AzureBlobs", "IBeam.Storage.AzureBlobs\IBeam.Storage.AzureBlobs.csproj", "{76BD138F-6BE1-484F-843D-1F0F94787324}"
EndProject
Project("{FAE04EC0-301F-11D3-BF4B-00C04F79EFBC}") = "IBeam.Storage.FileSystem", "IBeam.Storage.FileSystem\IBeam.Storage.FileSystem.csproj", "{606EB8D1-67EB-498C-99DF-5C2B487670F9}"
EndProject
Project("{FAE04EC0-301F-11D3-BF4B-00C04F79EFBC}") = "IBeam.Storage.S3", "IBeam.Storage.S3\IBeam.Storage.S3.csproj", "{EFED2F11-CE72-48BB-A59D-43CFC5EB12CF}"
EndProject
Project("{FAE04EC0-301F-11D3-BF4B-00C04F79EFBC}") = "IBeam.Tests.Storage.AzureBlobs", "IBeam.Tests.Storage.AzureBlobs\IBeam.Tests.Storage.AzureBlobs.csproj", "{62857EFB-1FE2-4A72-A23C-92A73C0A00D4}"
EndProject
Project("{FAE04EC0-301F-11D3-BF4B-00C04F79EFBC}") = "IBeam.Tests.Storage.FileSystem", "IBeam.Tests.Storage.FileSystem\IBeam.Tests.Storage.FileSystem.csproj", "{BDAC0253-6B9E-4F3C-82AA-9E7144D7ACAB}"
EndProject
Project("{FAE04EC0-301F-11D3-BF4B-00C04F79EFBC}") = "IBeam.Tests.Storage.S3", "IBeam.Tests.Storage.S3\IBeam.Tests.Storage.S3.csproj", "{FB81DA26-BFAA-45A0-A0AA-22676F20757D}"
EndProject
Global
	GlobalSection(SolutionConfigurationPlatforms) = preSolution
		Debug|Any CPU = Debug|Any CPU
		Debug|x64 = Debug|x64
		Debug|x86 = Debug|x86
		Release|Any CPU = Release|Any CPU
		Release|x64 = Release|x64
		Release|x86 = Release|x86
	EndGlobalSection
	GlobalSection(ProjectConfigurationPlatforms) = postSolution
		{C9303440-912B-4F45-AFD1-B8E4711F32FB}.Debug|Any CPU.ActiveCfg = Debug|Any CPU
		{C9303440-912B-4F45-AFD1-B8E4711F32FB}.Debug|Any CPU.Build.0 = Debug|Any CPU
		{C9303440-912B-4F45-AFD1-B8E4711F32FB}.Debug|x64.ActiveCfg = Debug|Any CPU
		{C9303440-912B-4F45-AFD1-B8E4711F32FB}.Debug|x64.Build.0 = Debug|Any CPU
		{C9303440-912B-4F45-AFD1-B8E4711F32FB}.Debug|x86.ActiveCfg = Debug|Any CPU
		{C9303440-912B-4F45-AFD1-B8E4711F32FB}.Debug|x86.Build.0 = Debug|Any CPU
		{C9303440-912B-4F45-AFD1-B8E4711F32FB}.Release|Any CPU.ActiveCfg = Release|Any CPU
		{C9303440-912B-4F45-AFD1-B8E4711F32FB}.Release|Any CPU.Build.0 = Release|Any CPU
		{C9303440-912B-4F45-AFD1-B8E4711F32FB}.Release|x64.ActiveCfg = Release|Any CPU
		{C9303440-912B-4F45-AFD1-B8E4711F32FB}.Release|x64.Build.0 = Release|Any CPU
		{C9303440-912B-4F45-AFD1-B8E4711F32FB}.Release|x86.ActiveCfg = Release|Any CPU
		{C9303440-912B-4F45-AFD1-B8E4711F32FB}.Release|x86.Build.0 = Release|Any CPU
		{B2CBB97D-5860-4BD9-B871-20F1B3291897}.Debug|Any CPU.ActiveCfg = Debug|Any CPU
		{B2CBB97D-5860-4BD9-B871-20F1B3291897}.Debug|Any CPU.Build.0 = Debug|Any CPU
		{B2CBB97D-5860-4BD9-B871-20F1B3291897}.Debug|x64.ActiveCfg = Debug|Any CPU
		{B2CBB97D-5860-4BD9-B871-20F1B3291897}.Debug|x64.Build.0 = Debug|Any CPU
		{B2CBB97D-5860-4BD9-B871-20F1B3291897}.Debug|x86.ActiveCfg = Debug|Any CPU
		{B2CBB97D-5860-4BD9-B871-20F1B3291897}.Debug|x86.Build.0 = Debug|Any CPU
		{B2CBB97D-5860-4BD9-B871-20F1B3291897}.Release|Any CPU.ActiveCfg = Release|Any CPU
		{B2CBB97D-5860-4BD9-B871-20F1B3291897}.Release|Any CPU.Build.0 = Release|Any CPU
		{B2CBB97D-5860-4BD9-B871-20F1B3291897}.Release|x64.ActiveCfg = Release|Any CPU
		{B2CBB97D-5860-4BD9-B871-20F1B3291897}.Release|x64.Build.0 = Release|Any CPU
		{B2CBB97D-5860-4BD9-B871-20F1B3291897}.Release|x86.ActiveCfg = Release|Any CPU
		{B2CBB97D-5860-4BD9-B871-20F1B3291897}.Release|x86.Build.0 = Release|Any CPU
		{5F3FBF84-6F4F-4B03-AA45-567FB5A54EA1}.Debug|Any CPU.ActiveCfg = Debug|Any CPU
		{5F3FBF84-6F4F-4B03-AA45-567FB5A54EA1}.Debug|Any CPU.Build.0 = Debug|Any CPU
		{5F3FBF84-6F4F-4B03-AA45-567FB5A54EA1}.Debug|x64.ActiveCfg = Debug|Any CPU
		{5F3FBF84-6F4F-4B03-AA45-567FB5A54EA1}.Debug|x64.Build.0 = Debug|Any CPU
		{5F3FBF84-6F4F-4B03-AA45-567FB5A54EA1}.Debug|x86.ActiveCfg = Debug|Any CPU
		{5F3FBF84-6F4F-4B03-AA45-567FB5A54EA1}.Debug|x86.Build.0 = Debug|Any CPU
		{5F3FBF84-6F4F-4B03-AA45-567FB5A54EA1}.Release|Any CPU.ActiveCfg = Release|Any CPU
		{5F3FBF84-6F4F-4B03-AA45-567FB5A54EA1}.Release|Any CPU.Build.0 = Release|Any CPU
		{5F3FBF84-6F4F-4B03-AA45-567FB5A54EA1}.Release|x64.ActiveCfg = Release|Any CPU
		{5F3FBF84-6F4F-4B03-AA45-567FB5A54EA1}.Release|x64.Build.0 = Release|Any CPU
		{5F3FBF84-6F4F-4B03-AA45-567FB5A54EA1}.Release|x86.ActiveCfg = Release|Any CPU
		{5F3FBF84-6F4F-4B03-AA45-567FB5A54EA1}.Release|x86.Build.0 = Release|Any CPU
		{211C25C1-1310-40A6-8520-9381D6B71435}.Debug|Any CPU.ActiveCfg = Debug|Any CPU
		{211C25C1-1310-40A6-8520-9381D6B71435}.Debug|Any CPU.Build.0 = Debug|Any CPU
		{211C25C1-1310-40A6-8520-9381D6B71435}.Debug|x64.ActiveCfg = Debug|Any CPU
		{211C25C1-1310-40A6-8520-9381D6B71435}.Debug|x64.Build.0 = Debug|Any CPU
		{211C25C1-1310-40A6-8520-9381D6B71435}.Debug|x86.ActiveCfg = Debug|Any CPU
		{211C25C1-1310-40A6-8520-9381D6B71435}.Debug|x86.Build.0 = Debug|Any CPU
		{211C25C1-1310-40A6-8520-9381D6B71435}.Release|Any CPU.ActiveCfg = Release|Any CPU
		{211C25C1-1310-40A6-8520-9381D6B71435}.Release|Any CPU.Build.0 = Release|Any CPU
		{211C25C1-1310-40A6-8520-9381D6B71435}.Release|x64.ActiveCfg = Release|Any CPU
		{211C25C1-1310-40A6-8520-9381D6B71435}.Release|x64.Build.0 = Release|Any CPU
		{211C25C1-1310-40A6-8520-9381D6B71435}.Release|x86.ActiveCfg = Release|Any CPU
		{211C25C1-1310-40A6-8520-9381D6B71435}.Release|x86.Build.0 = Release|Any CPU
		{59446BF1-7C30-4D55-A16D-71885EA0E2FA}.Debug|Any CPU.ActiveCfg = Debug|Any CPU
		{59446BF1-7C30-4D55-A16D-71885EA0E2FA}.Debug|Any CPU.Build.0 = Debug|Any CPU
		{59446BF1-7C30-4D55-A16D-71885EA0E2FA}.Debug|x64.ActiveCfg = Debug|Any CPU
		{59446BF1-7C30-4D55-A16D-71885EA0E2FA}.Debug|x64.Build.0 = Debug|Any CPU
		{59446BF1-7C30-4D55-A16D-71885EA0E2FA}.Debug|x86.ActiveCfg = Debug|Any CPU
		{59446BF1-7C30-4D55-A16D-71885EA0E2FA}.Debug|x86.Build.0 = Debug|Any CPU
		{59446BF1-7C30-4D55-A16D-71885EA0E2FA}.Release|Any CPU.ActiveCfg = Release|Any CPU
		{59446BF1-7C30-4D55-A16D-71885EA0E2FA}.Release|Any CPU.Build.0 = Release|Any CPU
		{59446BF1-7C30-4D55-A16D-71885EA0E2FA}.Release|x64.ActiveCfg = Release|Any CPU
		{59446BF1-7C30-4D55-A16D-71885EA0E2FA}.Release|x64.Build.0 = Release|Any CPU
		{59446BF1-7C30-4D55-A16D-71885EA0E2FA}.Release|x86.ActiveCfg = Release|Any CPU
		{59446BF1-7C30-4D55-A16D-71885EA0E2FA}.Release|x86.Build.0 = Release|Any CPU
		{860E897B-0D38-4A96-949D-97F540EE012F}.Debug|Any CPU.ActiveCfg = Debug|Any CPU
		{860E897B-0D38-4A96-949D-97F540EE012F}.Debug|Any CPU.Build.0 = Debug|Any CPU
		{860E897B-0D38-4A96-949D-97F540EE012F}.Debug|x64.ActiveCfg = Debug|Any CPU
		{860E897B-0D38-4A96-949D-97F540EE012F}.Debug|x64.Build.0 = Debug|Any CPU
		{860E897B-0D38-4A96-949D-97F540EE012F}.Debug|x86.ActiveCfg = Debug|Any CPU
		{860E897B-0D38-4A96-949D-97F540EE012F}.Debug|x86.Build.0 = Debug|Any CPU
		{860E897B-0D38-4A96-949D-97F540EE012F}.Release|Any CPU.ActiveCfg = Release|Any CPU
		{860E897B-0D38-4A96-949D-97F540EE012F}.Release|Any CPU.Build.0 = Release|Any CPU
		{860E897B-0D38-4A96-949D-97F540EE012F}.Release|x64.ActiveCfg = Release|Any CPU
		{860E897B-0D38-4A96-949D-97F540EE012F}.Release|x64.Build.0 = Release|Any CPU
		{860E897B-0D38-4A96-949D-97F540EE012F}.Release|x86.ActiveCfg = Release|Any CPU
		{860E897B-0D38-4A96-949D-97F540EE012F}.Release|x86.Build.0 = Release|Any CPU
		{3B7185AD-8AD4-41D8-8D58-C48B1BB0289A}.Debug|Any CPU.ActiveCfg = Debug|Any CPU
		{3B7185AD-8AD4-41D8-8D58-C48B1BB0289A}.Debug|Any CPU.Build.0 = Debug|Any CPU
		{3B7185AD-8AD4-41D8-8D58-C48B1BB0289A}.Debug|x64.ActiveCfg = Debug|Any CPU
		{3B7185AD-8AD4-41D8-8D58-C48B1BB0289A}.Debug|x64.Build.0 = Debug|Any CPU
		{3B7185AD-8AD4-41D8-8D58-C48B1BB0289A}.Debug|x86.ActiveCfg = Debug|Any CPU
		{3B7185AD-8AD4-41D8-8D58-C48B1BB0289A}.Debug|x86.Build.0 = Debug|Any CPU
		{3B7185AD-8AD4-41D8-8D58-C48B1BB0289A}.Release|Any CPU.ActiveCfg = Release|Any CPU
		{3B7185AD-8AD4-41D8-8D58-C48B1BB0289A}.Release|Any CPU.Build.0 = Release|Any CPU
		{3B7185AD-8AD4-41D8-8D58-C48B1BB0289A}.Release|x64.ActiveCfg = Release|Any CPU
		{3B7185AD-8AD4-41D8-8D58-C48B1BB0289A}.Release|x64.Build.0 = Release|Any CPU
		{3B7185AD-8AD4-41D8-8D58-C48B1BB0289A}.Release|x86.ActiveCfg = Release|Any CPU
		{3B7185AD-8AD4-41D8-8D58-C48B1BB0289A}.Release|x86.Build.0 = Release|Any CPU
		{2126A805-7755-4704-BD6E-7556D07C3377}.Debug|Any CPU.ActiveCfg = Debug|Any CPU
		{2126A805-7755-4704-BD6E-7556D07C3377}.Debug|Any CPU.Build.0 = Debug|Any CPU
		{2126A805-7755-4704-BD6E-7556D07C3377}.Debug|x64.ActiveCfg = Debug|Any CPU
		{2126A805-7755-4704-BD6E-7556D07C3377}.Debug|x64.Build.0 = Debug|Any CPU
		{2126A805-7755-4704-BD6E-7556D07C3377}.Debug|x86.ActiveCfg = Debug|Any CPU
		{2126A805-7755-4704-BD6E-7556D07C3377}.Debug|x86.Build.0 = Debug|Any CPU
		{2126A805-7755-4704-BD6E-7556D07C3377}.Release|Any CPU.ActiveCfg = Release|Any CPU
		{2126A805-7755-4704-BD6E-7556D07C3377}.Release|Any CPU.Build.0 = Release|Any CPU
		{2126A805-7755-4704-BD6E-7556D07C3377}.Release|x64.ActiveCfg = Release|Any CPU
		{2126A805-7755-4704-BD6E-7556D07C3377}.Release|x64.Build.0 = Release|Any CPU
		{2126A805-7755-4704-BD6E-7556D07C3377}.Release|x86.ActiveCfg = Release|Any CPU
		{2126A805-7755-4704-BD6E-7556D07C3377}.Release|x86.Build.0 = Release|Any CPU
		{442C791A-0781-4C3F-88F7-113B404A34FA}.Debug|Any CPU.ActiveCfg = Debug|Any CPU
		{442C791A-0781-4C3F-88F7-113B404A34FA}.Debug|Any CPU.Build.0 = Debug|Any CPU
		{442C791A-0781-4C3F-88F7-113B404A34FA}.Debug|x64.ActiveCfg = Debug|Any CPU
		{442C791A-0781-4C3F-88F7-113B404A34FA}.Debug|x64.Build.0 = Debug|Any CPU
		{442C791A-0781-4C3F-88F7-113B404A34FA}.Debug|x86.ActiveCfg = Debug|Any CPU
		{442C791A-0781-4C3F-88F7-113B404A34FA}.Debug|x86.Build.0 = Debug|Any CPU
		{442C791A-0781-4C3F-88F7-113B404A34FA}.Release|Any CPU.ActiveCfg = Release|Any CPU
		{442C791A-0781-4C3F-88F7-113B404A34FA}.Release|Any CPU.Build.0 = Release|Any CPU
		{442C791A-0781-4C3F-88F7-113B404A34FA}.Release|x64.ActiveCfg = Release|Any CPU
		{442C791A-0781-4C3F-88F7-113B404A34FA}.Release|x64.Build.0 = Release|Any CPU
		{442C791A-0781-4C3F-88F7-113B404A34FA}.Release|x86.ActiveCfg = Release|Any CPU
		{442C791A-0781-4C3F-88F7-113B404A34FA}.Release|x86.Build.0 = Release|Any CPU
		{F4B529A2-67A4-4688-BA9A-4E479F28144F}.Debug|Any CPU.ActiveCfg = Debug|Any CPU
		{F4B529A2-67A4-4688-BA9A-4E479F28144F}.Debug|Any CPU.Build.0 = Debug|Any CPU
		{F4B529A2-67A4-4688-BA9A-4E479F28144F}.Debug|x64.ActiveCfg = Debug|Any CPU
		{F4B529A2-67A4-4688-BA9A-4E479F28144F}.Debug|x64.Build.0 = Debug|Any CPU
		{F4B529A2-67A4-4688-BA9A-4E479F28144F}.Debug|x86.ActiveCfg = Debug|Any CPU
		{F4B529A2-67A4-4688-BA9A-4E479F28144F}.Debug|x86.Build.0 = Debug|Any CPU
		{F4B529A2-67A4-4688-BA9A-4E479F28144F}.Release|Any CPU.ActiveCfg = Release|Any CPU
		{F4B529A2-67A4-4688-BA9A-4E479F28144F}.Release|Any CPU.Build.0 = Release|Any CPU
		{F4B529A2-67A4-4688-BA9A-4E479F28144F}.Release|x64.ActiveCfg = Release|Any CPU
		{F4B529A2-67A4-4688-BA9A-4E479F28144F}.Release|x64.Build.0 = Release|Any CPU
		{F4B529A2-67A4-4688-BA9A-4E479F28144F}.Release|x86.ActiveCfg = Release|Any CPU
		{F4B529A2-67A4-4688-BA9A-4E479F28144F}.Release|x86.Build.0 = Release|Any CPU
		{16A8C566-F3D0-45B5-ACD0-802548F4CDDD}.Debug|Any CPU.ActiveCfg = Debug|Any CPU
		{16A8C566-F3D0-45B5-ACD0-802548F4CDDD}.Debug|Any CPU.Build.0 = Debug|Any CPU
		{16A8C566-F3D0-45B5-ACD0-802548F4CDDD}.Debug|x64.ActiveCfg = Debug|Any CPU
		{16A8C566-F3D0-45B5-ACD0-802548F4CDDD}.Debug|x64.Build.0 = Debug|Any CPU
		{16A8C566-F3D0-45B5-ACD0-802548F4CDDD}.Debug|x86.ActiveCfg = Debug|Any CPU
		{16A8C566-F3D0-45B5-ACD0-802548F4CDDD}.Debug|x86.Build.0 = Debug|Any CPU
		{16A8C566-F3D0-45B5-ACD0-802548F4CDDD}.Release|Any CPU.ActiveCfg = Release|Any CPU
		{16A8C566-F3D0-45B5-ACD0-802548F4CDDD}.Release|Any CPU.Build.0 = Release|Any CPU
		{16A8C566-F3D0-45B5-ACD0-802548F4CDDD}.Release|x64.ActiveCfg = Release|Any CPU
		{16A8C566-F3D0-45B5-ACD0-802548F4CDDD}.Release|x64.Build.0 = Release|Any CPU
		{16A8C566-F3D0-45B5-ACD0-802548F4CDDD}.Release|x86.ActiveCfg = Release|Any CPU
		{16A8C566-F3D0-45B5-ACD0-802548F4CDDD}.Release|x86.Build.0 = Release|Any CPU
		{B3AF7C87-FE0B-4918-BB27-CD19F2401226}.Debug|Any CPU.ActiveCfg = Debug|Any CPU
		{B3AF7C87-FE0B-4918-BB27-CD19F2401226}.Debug|Any CPU.Build.0 = Debug|Any CPU
		{B3AF7C87-FE0B-4918-BB27-CD19F2401226}.Debug|x64.ActiveCfg = Debug|Any CPU
		{B3AF7C87-FE0B-4918-BB27-CD19F2401226}.Debug|x64.Build.0 = Debug|Any CPU
		{B3AF7C87-FE0B-4918-BB27-CD19F2401226}.Debug|x86.ActiveCfg = Debug|Any CPU
		{B3AF7C87-FE0B-4918-BB27-CD19F2401226}.Debug|x86.Build.0 = Debug|Any CPU
		{B3AF7C87-FE0B-4918-BB27-CD19F2401226}.Release|Any CPU.ActiveCfg = Release|Any CPU
		{B3AF7C87-FE0B-4918-BB27-CD19F2401226}.Release|Any CPU.Build.0 = Release|Any CPU
		{B3AF7C87-FE0B-4918-BB27-CD19F2401226}.Release|x64.ActiveCfg = Release|Any CPU
		{B3AF7C87-FE0B-4918-BB27-CD19F2401226}.Release|x64.Build.0 = Release|Any CPU
		{B3AF7C87-FE0B-4918-BB27-CD19F2401226}.Release|x86.ActiveCfg = Release|Any CPU
		{B3AF7C87-FE0B-4918-BB27-CD19F2401226}.Release|x86.Build.0 = Release|Any CPU
		{46B5BC5E-51EB-4F0E-B967-02AB519DAE32}.Debug|Any CPU.ActiveCfg = Debug|Any CPU
		{46B5BC5E-51EB-4F0E-B967-02AB519DAE32}.Debug|Any CPU.Build.0 = Debug|Any CPU
		{46B5BC5E-51EB-4F0E-B967-02AB519DAE32}.Debug|x64.ActiveCfg = Debug|Any CPU
		{46B5BC5E-51EB-4F0E-B967-02AB519DAE32}.Debug|x64.Build.0 = Debug|Any CPU
		{46B5BC5E-51EB-4F0E-B967-02AB519DAE32}.Debug|x86.ActiveCfg = Debug|Any CPU
		{46B5BC5E-51EB-4F0E-B967-02AB519DAE32}.Debug|x86.Build.0 = Debug|Any CPU
		{46B5BC5E-51EB-4F0E-B967-02AB519DAE32}.Release|Any CPU.ActiveCfg = Release|Any CPU
		{46B5BC5E-51EB-4F0E-B967-02AB519DAE32}.Release|Any CPU.Build.0 = Release|Any CPU
		{46B5BC5E-51EB-4F0E-B967-02AB519DAE32}.Release|x64.ActiveCfg = Release|Any CPU
		{46B5BC5E-51EB-4F0E-B967-02AB519DAE32}.Release|x64.Build.0 = Release|Any CPU
		{46B5BC5E-51EB-4F0E-B967-02AB519DAE32}.Release|x86.ActiveCfg = Release|Any CPU
		{46B5BC5E-51EB-4F0E-B967-02AB519DAE32}.Release|x86.Build.0 = Release|Any CPU
		{EEA705E9-326D-475C-95B2-446C692CA565}.Debug|Any CPU.ActiveCfg = Debug|Any CPU
		{EEA705E9-326D-475C-95B2-446C692CA565}.Debug|Any CPU.Build.0 = Debug|Any CPU
		{EEA705E9-326D-475C-95B2-446C692CA565}.Debug|x64.ActiveCfg = Debug|Any CPU
		{EEA705E9-326D-475C-95B2-446C692CA565}.Debug|x64.Build.0 = Debug|Any CPU
		{EEA705E9-326D-475C-95B2-446C692CA565}.Debug|x86.ActiveCfg = Debug|Any CPU
		{EEA705E9-326D-475C-95B2-446C692CA565}.Debug|x86.Build.0 = Debug|Any CPU
		{EEA705E9-326D-475C-95B2-446C692CA565}.Release|Any CPU.ActiveCfg = Release|Any CPU
		{EEA705E9-326D-475C-95B2-446C692CA565}.Release|Any CPU.Build.0 = Release|Any CPU
		{EEA705E9-326D-475C-95B2-446C692CA565}.Release|x64.ActiveCfg = Release|Any CPU
		{EEA705E9-326D-475C-95B2-446C692CA565}.Release|x64.Build.0 = Release|Any CPU
		{EEA705E9-326D-475C-95B2-446C692CA565}.Release|x86.ActiveCfg = Release|Any CPU
		{EEA705E9-326D-475C-95B2-446C692CA565}.Release|x86.Build.0 = Release|Any CPU
		{9A67A5C4-577D-4D75-A359-F3FBB6AB26DF}.Debug|Any CPU.ActiveCfg = Debug|Any CPU
		{9A67A5C4-577D-4D75-A359-F3FBB6AB26DF}.Debug|Any CPU.Build.0 = Debug|Any CPU
		{9A67A5C4-577D-4D75-A359-F3FBB6AB26DF}.Debug|x64.ActiveCfg = Debug|Any CPU
		{9A67A5C4-577D-4D75-A359-F3FBB6AB26DF}.Debug|x64.Build.0 = Debug|Any CPU
		{9A67A5C4-577D-4D75-A359-F3FBB6AB26DF}.Debug|x86.ActiveCfg = Debug|Any CPU
		{9A67A5C4-577D-4D75-A359-F3FBB6AB26DF}.Debug|x86.Build.0 = Debug|Any CPU
		{9A67A5C4-577D-4D75-A359-F3FBB6AB26DF}.Release|Any CPU.ActiveCfg = Release|Any CPU
		{9A67A5C4-577D-4D75-A359-F3FBB6AB26DF}.Release|Any CPU.Build.0 = Release|Any CPU
		{9A67A5C4-577D-4D75-A359-F3FBB6AB26DF}.Release|x64.ActiveCfg = Release|Any CPU
		{9A67A5C4-577D-4D75-A359-F3FBB6AB26DF}.Release|x64.Build.0 = Release|Any CPU
		{9A67A5C4-577D-4D75-A359-F3FBB6AB26DF}.Release|x86.ActiveCfg = Release|Any CPU
		{9A67A5C4-577D-4D75-A359-F3FBB6AB26DF}.Release|x86.Build.0 = Release|Any CPU
		{4939B360-B54A-B261-9924-E33BCD68379E}.Debug|Any CPU.ActiveCfg = Debug|Any CPU
		{4939B360-B54A-B261-9924-E33BCD68379E}.Debug|Any CPU.Build.0 = Debug|Any CPU
		{4939B360-B54A-B261-9924-E33BCD68379E}.Debug|x64.ActiveCfg = Debug|Any CPU
		{4939B360-B54A-B261-9924-E33BCD68379E}.Debug|x64.Build.0 = Debug|Any CPU
		{4939B360-B54A-B261-9924-E33BCD68379E}.Debug|x86.ActiveCfg = Debug|Any CPU
		{4939B360-B54A-B261-9924-E33BCD68379E}.Debug|x86.Build.0 = Debug|Any CPU
		{4939B360-B54A-B261-9924-E33BCD68379E}.Release|Any CPU.ActiveCfg = Release|Any CPU
		{4939B360-B54A-B261-9924-E33BCD68379E}.Release|Any CPU.Build.0 = Release|Any CPU
		{4939B360-B54A-B261-9924-E33BCD68379E}.Release|x64.ActiveCfg = Release|Any CPU
		{4939B360-B54A-B261-9924-E33BCD68379E}.Release|x64.Build.0 = Release|Any CPU
		{4939B360-B54A-B261-9924-E33BCD68379E}.Release|x86.ActiveCfg = Release|Any CPU
		{4939B360-B54A-B261-9924-E33BCD68379E}.Release|x86.Build.0 = Release|Any CPU
		{DF6B17E5-8593-4E4D-8072-00283999AE44}.Debug|Any CPU.ActiveCfg = Debug|Any CPU
		{DF6B17E5-8593-4E4D-8072-00283999AE44}.Debug|Any CPU.Build.0 = Debug|Any CPU
		{DF6B17E5-8593-4E4D-8072-00283999AE44}.Debug|x64.ActiveCfg = Debug|Any CPU
		{DF6B17E5-8593-4E4D-8072-00283999AE44}.Debug|x64.Build.0 = Debug|Any CPU
		{DF6B17E5-8593-4E4D-8072-00283999AE44}.Debug|x86.ActiveCfg = Debug|Any CPU
		{DF6B17E5-8593-4E4D-8072-00283999AE44}.Debug|x86.Build.0 = Debug|Any CPU
		{DF6B17E5-8593-4E4D-8072-00283999AE44}.Release|Any CPU.ActiveCfg = Release|Any CPU
		{DF6B17E5-8593-4E4D-8072-00283999AE44}.Release|Any CPU.Build.0 = Release|Any CPU
		{DF6B17E5-8593-4E4D-8072-00283999AE44}.Release|x64.ActiveCfg = Release|Any CPU
		{DF6B17E5-8593-4E4D-8072-00283999AE44}.Release|x64.Build.0 = Release|Any CPU
		{DF6B17E5-8593-4E4D-8072-00283999AE44}.Release|x86.ActiveCfg = Release|Any CPU
		{DF6B17E5-8593-4E4D-8072-00283999AE44}.Release|x86.Build.0 = Release|Any CPU
		{1485C0E1-F273-4BD3-ADA5-BA6ABA819F22}.Debug|Any CPU.ActiveCfg = Debug|Any CPU
		{1485C0E1-F273-4BD3-ADA5-BA6ABA819F22}.Debug|Any CPU.Build.0 = Debug|Any CPU
		{1485C0E1-F273-4BD3-ADA5-BA6ABA819F22}.Debug|x64.ActiveCfg = Debug|Any CPU
		{1485C0E1-F273-4BD3-ADA5-BA6ABA819F22}.Debug|x64.Build.0 = Debug|Any CPU
		{1485C0E1-F273-4BD3-ADA5-BA6ABA819F22}.Debug|x86.ActiveCfg = Debug|Any CPU
		{1485C0E1-F273-4BD3-ADA5-BA6ABA819F22}.Debug|x86.Build.0 = Debug|Any CPU
		{1485C0E1-F273-4BD3-ADA5-BA6ABA819F22}.Release|Any CPU.ActiveCfg = Release|Any CPU
		{1485C0E1-F273-4BD3-ADA5-BA6ABA819F22}.Release|Any CPU.Build.0 = Release|Any CPU
		{1485C0E1-F273-4BD3-ADA5-BA6ABA819F22}.Release|x64.ActiveCfg = Release|Any CPU
		{1485C0E1-F273-4BD3-ADA5-BA6ABA819F22}.Release|x64.Build.0 = Release|Any CPU
		{1485C0E1-F273-4BD3-ADA5-BA6ABA819F22}.Release|x86.ActiveCfg = Release|Any CPU
		{1485C0E1-F273-4BD3-ADA5-BA6ABA819F22}.Release|x86.Build.0 = Release|Any CPU
		{61AE2C98-1253-4AF1-A451-4E522047DC87}.Debug|Any CPU.ActiveCfg = Debug|Any CPU
		{61AE2C98-1253-4AF1-A451-4E522047DC87}.Debug|Any CPU.Build.0 = Debug|Any CPU
		{61AE2C98-1253-4AF1-A451-4E522047DC87}.Debug|x64.ActiveCfg = Debug|Any CPU
		{61AE2C98-1253-4AF1-A451-4E522047DC87}.Debug|x64.Build.0 = Debug|Any CPU
		{61AE2C98-1253-4AF1-A451-4E522047DC87}.Debug|x86.ActiveCfg = Debug|Any CPU
		{61AE2C98-1253-4AF1-A451-4E522047DC87}.Debug|x86.Build.0 = Debug|Any CPU
		{61AE2C98-1253-4AF1-A451-4E522047DC87}.Release|Any CPU.ActiveCfg = Release|Any CPU
		{61AE2C98-1253-4AF1-A451-4E522047DC87}.Release|Any CPU.Build.0 = Release|Any CPU
		{61AE2C98-1253-4AF1-A451-4E522047DC87}.Release|x64.ActiveCfg = Release|Any CPU
		{61AE2C98-1253-4AF1-A451-4E522047DC87}.Release|x64.Build.0 = Release|Any CPU
		{61AE2C98-1253-4AF1-A451-4E522047DC87}.Release|x86.ActiveCfg = Release|Any CPU
		{61AE2C98-1253-4AF1-A451-4E522047DC87}.Release|x86.Build.0 = Release|Any CPU
		{87A847F3-C84F-4249-BA9D-F7CCE8377891}.Debug|Any CPU.ActiveCfg = Debug|Any CPU
		{87A847F3-C84F-4249-BA9D-F7CCE8377891}.Debug|Any CPU.Build.0 = Debug|Any CPU
		{87A847F3-C84F-4249-BA9D-F7CCE8377891}.Debug|x64.ActiveCfg = Debug|Any CPU
		{87A847F3-C84F-4249-BA9D-F7CCE8377891}.Debug|x64.Build.0 = Debug|Any CPU
		{87A847F3-C84F-4249-BA9D-F7CCE8377891}.Debug|x86.ActiveCfg = Debug|Any CPU
		{87A847F3-C84F-4249-BA9D-F7CCE8377891}.Debug|x86.Build.0 = Debug|Any CPU
		{87A847F3-C84F-4249-BA9D-F7CCE8377891}.Release|Any CPU.ActiveCfg = Release|Any CPU
		{87A847F3-C84F-4249-BA9D-F7CCE8377891}.Release|Any CPU.Build.0 = Release|Any CPU
		{87A847F3-C84F-4249-BA9D-F7CCE8377891}.Release|x64.ActiveCfg = Release|Any CPU
		{87A847F3-C84F-4249-BA9D-F7CCE8377891}.Release|x64.Build.0 = Release|Any CPU
		{87A847F3-C84F-4249-BA9D-F7CCE8377891}.Release|x86.ActiveCfg = Release|Any CPU
		{87A847F3-C84F-4249-BA9D-F7CCE8377891}.Release|x86.Build.0 = Release|Any CPU
		{8CD2263D-96D9-48BE-848D-CA43E8E2C1FC}.Debug|Any CPU.ActiveCfg = Debug|Any CPU
		{8CD2263D-96D9-48BE-848D-CA43E8E2C1FC}.Debug|Any CPU.Build.0 = Debug|Any CPU
		{8CD2263D-96D9-48BE-848D-CA43E8E2C1FC}.Debug|x64.ActiveCfg = Debug|Any CPU
		{8CD2263D-96D9-48BE-848D-CA43E8E2C1FC}.Debug|x64.Build.0 = Debug|Any CPU
		{8CD2263D-96D9-48BE-848D-CA43E8E2C1FC}.Debug|x86.ActiveCfg = Debug|Any CPU
		{8CD2263D-96D9-48BE-848D-CA43E8E2C1FC}.Debug|x86.Build.0 = Debug|Any CPU
		{8CD2263D-96D9-48BE-848D-CA43E8E2C1FC}.Release|Any CPU.ActiveCfg = Release|Any CPU
		{8CD2263D-96D9-48BE-848D-CA43E8E2C1FC}.Release|Any CPU.Build.0 = Release|Any CPU
		{8CD2263D-96D9-48BE-848D-CA43E8E2C1FC}.Release|x64.ActiveCfg = Release|Any CPU
		{8CD2263D-96D9-48BE-848D-CA43E8E2C1FC}.Release|x64.Build.0 = Release|Any CPU
		{8CD2263D-96D9-48BE-848D-CA43E8E2C1FC}.Release|x86.ActiveCfg = Release|Any CPU
		{8CD2263D-96D9-48BE-848D-CA43E8E2C1FC}.Release|x86.Build.0 = Release|Any CPU
		{8246078B-FCF4-42CF-810F-DA734C822D15}.Debug|Any CPU.ActiveCfg = Debug|Any CPU
		{8246078B-FCF4-42CF-810F-DA734C822D15}.Debug|Any CPU.Build.0 = Debug|Any CPU
		{8246078B-FCF4-42CF-810F-DA734C822D15}.Debug|x64.ActiveCfg = Debug|Any CPU
		{8246078B-FCF4-42CF-810F-DA734C822D15}.Debug|x64.Build.0 = Debug|Any CPU
		{8246078B-FCF4-42CF-810F-DA734C822D15}.Debug|x86.ActiveCfg = Debug|Any CPU
		{8246078B-FCF4-42CF-810F-DA734C822D15}.Debug|x86.Build.0 = Debug|Any CPU
		{8246078B-FCF4-42CF-810F-DA734C822D15}.Release|Any CPU.ActiveCfg = Release|Any CPU
		{8246078B-FCF4-42CF-810F-DA734C822D15}.Release|Any CPU.Build.0 = Release|Any CPU
		{8246078B-FCF4-42CF-810F-DA734C822D15}.Release|x64.ActiveCfg = Release|Any CPU
		{8246078B-FCF4-42CF-810F-DA734C822D15}.Release|x64.Build.0 = Release|Any CPU
		{8246078B-FCF4-42CF-810F-DA734C822D15}.Release|x86.ActiveCfg = Release|Any CPU
		{8246078B-FCF4-42CF-810F-DA734C822D15}.Release|x86.Build.0 = Release|Any CPU
		{5B7EACE8-C708-4EAD-B18D-D7A677C3615E}.Debug|Any CPU.ActiveCfg = Debug|Any CPU
		{5B7EACE8-C708-4EAD-B18D-D7A677C3615E}.Debug|Any CPU.Build.0 = Debug|Any CPU
		{5B7EACE8-C708-4EAD-B18D-D7A677C3615E}.Debug|x64.ActiveCfg = Debug|Any CPU
		{5B7EACE8-C708-4EAD-B18D-D7A677C3615E}.Debug|x64.Build.0 = Debug|Any CPU
		{5B7EACE8-C708-4EAD-B18D-D7A677C3615E}.Debug|x86.ActiveCfg = Debug|Any CPU
		{5B7EACE8-C708-4EAD-B18D-D7A677C3615E}.Debug|x86.Build.0 = Debug|Any CPU
		{5B7EACE8-C708-4EAD-B18D-D7A677C3615E}.Release|Any CPU.ActiveCfg = Release|Any CPU
		{5B7EACE8-C708-4EAD-B18D-D7A677C3615E}.Release|Any CPU.Build.0 = Release|Any CPU
		{5B7EACE8-C708-4EAD-B18D-D7A677C3615E}.Release|x64.ActiveCfg = Release|Any CPU
		{5B7EACE8-C708-4EAD-B18D-D7A677C3615E}.Release|x64.Build.0 = Release|Any CPU
		{5B7EACE8-C708-4EAD-B18D-D7A677C3615E}.Release|x86.ActiveCfg = Release|Any CPU
		{5B7EACE8-C708-4EAD-B18D-D7A677C3615E}.Release|x86.Build.0 = Release|Any CPU
		{117BF6C6-4FA9-46D9-80EB-4B847516BED5}.Debug|Any CPU.ActiveCfg = Debug|Any CPU
		{117BF6C6-4FA9-46D9-80EB-4B847516BED5}.Debug|Any CPU.Build.0 = Debug|Any CPU
		{117BF6C6-4FA9-46D9-80EB-4B847516BED5}.Debug|x64.ActiveCfg = Debug|Any CPU
		{117BF6C6-4FA9-46D9-80EB-4B847516BED5}.Debug|x64.Build.0 = Debug|Any CPU
		{117BF6C6-4FA9-46D9-80EB-4B847516BED5}.Debug|x86.ActiveCfg = Debug|Any CPU
		{117BF6C6-4FA9-46D9-80EB-4B847516BED5}.Debug|x86.Build.0 = Debug|Any CPU
		{117BF6C6-4FA9-46D9-80EB-4B847516BED5}.Release|Any CPU.ActiveCfg = Release|Any CPU
		{117BF6C6-4FA9-46D9-80EB-4B847516BED5}.Release|Any CPU.Build.0 = Release|Any CPU
		{117BF6C6-4FA9-46D9-80EB-4B847516BED5}.Release|x64.ActiveCfg = Release|Any CPU
		{117BF6C6-4FA9-46D9-80EB-4B847516BED5}.Release|x64.Build.0 = Release|Any CPU
		{117BF6C6-4FA9-46D9-80EB-4B847516BED5}.Release|x86.ActiveCfg = Release|Any CPU
		{117BF6C6-4FA9-46D9-80EB-4B847516BED5}.Release|x86.Build.0 = Release|Any CPU
		{902ADA35-FD22-425F-976F-866FC47BF95B}.Debug|Any CPU.ActiveCfg = Debug|Any CPU
		{902ADA35-FD22-425F-976F-866FC47BF95B}.Debug|Any CPU.Build.0 = Debug|Any CPU
		{902ADA35-FD22-425F-976F-866FC47BF95B}.Debug|x64.ActiveCfg = Debug|Any CPU
		{902ADA35-FD22-425F-976F-866FC47BF95B}.Debug|x64.Build.0 = Debug|Any CPU
		{902ADA35-FD22-425F-976F-866FC47BF95B}.Debug|x86.ActiveCfg = Debug|Any CPU
		{902ADA35-FD22-425F-976F-866FC47BF95B}.Debug|x86.Build.0 = Debug|Any CPU
		{902ADA35-FD22-425F-976F-866FC47BF95B}.Release|Any CPU.ActiveCfg = Release|Any CPU
		{902ADA35-FD22-425F-976F-866FC47BF95B}.Release|Any CPU.Build.0 = Release|Any CPU
		{902ADA35-FD22-425F-976F-866FC47BF95B}.Release|x64.ActiveCfg = Release|Any CPU
		{902ADA35-FD22-425F-976F-866FC47BF95B}.Release|x64.Build.0 = Release|Any CPU
		{902ADA35-FD22-425F-976F-866FC47BF95B}.Release|x86.ActiveCfg = Release|Any CPU
		{902ADA35-FD22-425F-976F-866FC47BF95B}.Release|x86.Build.0 = Release|Any CPU
		{B6014303-5EFF-40C9-97A5-4A37A8F37575}.Debug|Any CPU.ActiveCfg = Debug|Any CPU
		{B6014303-5EFF-40C9-97A5-4A37A8F37575}.Debug|Any CPU.Build.0 = Debug|Any CPU
		{B6014303-5EFF-40C9-97A5-4A37A8F37575}.Debug|x64.ActiveCfg = Debug|Any CPU
		{B6014303-5EFF-40C9-97A5-4A37A8F37575}.Debug|x64.Build.0 = Debug|Any CPU
		{B6014303-5EFF-40C9-97A5-4A37A8F37575}.Debug|x86.ActiveCfg = Debug|Any CPU
		{B6014303-5EFF-40C9-97A5-4A37A8F37575}.Debug|x86.Build.0 = Debug|Any CPU
		{B6014303-5EFF-40C9-97A5-4A37A8F37575}.Release|Any CPU.ActiveCfg = Release|Any CPU
		{B6014303-5EFF-40C9-97A5-4A37A8F37575}.Release|Any CPU.Build.0 = Release|Any CPU
		{B6014303-5EFF-40C9-97A5-4A37A8F37575}.Release|x64.ActiveCfg = Release|Any CPU
		{B6014303-5EFF-40C9-97A5-4A37A8F37575}.Release|x64.Build.0 = Release|Any CPU
		{B6014303-5EFF-40C9-97A5-4A37A8F37575}.Release|x86.ActiveCfg = Release|Any CPU
		{B6014303-5EFF-40C9-97A5-4A37A8F37575}.Release|x86.Build.0 = Release|Any CPU
		{325D06CC-3914-466A-B5FC-73D438A33862}.Debug|Any CPU.ActiveCfg = Debug|Any CPU
		{325D06CC-3914-466A-B5FC-73D438A33862}.Debug|Any CPU.Build.0 = Debug|Any CPU
		{325D06CC-3914-466A-B5FC-73D438A33862}.Debug|x64.ActiveCfg = Debug|Any CPU
		{325D06CC-3914-466A-B5FC-73D438A33862}.Debug|x64.Build.0 = Debug|Any CPU
		{325D06CC-3914-466A-B5FC-73D438A33862}.Debug|x86.ActiveCfg = Debug|Any CPU
		{325D06CC-3914-466A-B5FC-73D438A33862}.Debug|x86.Build.0 = Debug|Any CPU
		{325D06CC-3914-466A-B5FC-73D438A33862}.Release|Any CPU.ActiveCfg = Release|Any CPU
		{325D06CC-3914-466A-B5FC-73D438A33862}.Release|Any CPU.Build.0 = Release|Any CPU
		{325D06CC-3914-466A-B5FC-73D438A33862}.Release|x64.ActiveCfg = Release|Any CPU
		{325D06CC-3914-466A-B5FC-73D438A33862}.Release|x64.Build.0 = Release|Any CPU
		{325D06CC-3914-466A-B5FC-73D438A33862}.Release|x86.ActiveCfg = Release|Any CPU
		{325D06CC-3914-466A-B5FC-73D438A33862}.Release|x86.Build.0 = Release|Any CPU
		{B25BB773-A83E-4C45-A40F-CB93DDCEBDF8}.Debug|Any CPU.ActiveCfg = Debug|Any CPU
		{B25BB773-A83E-4C45-A40F-CB93DDCEBDF8}.Debug|Any CPU.Build.0 = Debug|Any CPU
		{B25BB773-A83E-4C45-A40F-CB93DDCEBDF8}.Debug|x64.ActiveCfg = Debug|Any CPU
		{B25BB773-A83E-4C45-A40F-CB93DDCEBDF8}.Debug|x64.Build.0 = Debug|Any CPU
		{B25BB773-A83E-4C45-A40F-CB93DDCEBDF8}.Debug|x86.ActiveCfg = Debug|Any CPU
		{B25BB773-A83E-4C45-A40F-CB93DDCEBDF8}.Debug|x86.Build.0 = Debug|Any CPU
		{B25BB773-A83E-4C45-A40F-CB93DDCEBDF8}.Release|Any CPU.ActiveCfg = Release|Any CPU
		{B25BB773-A83E-4C45-A40F-CB93DDCEBDF8}.Release|Any CPU.Build.0 = Release|Any CPU
		{B25BB773-A83E-4C45-A40F-CB93DDCEBDF8}.Release|x64.ActiveCfg = Release|Any CPU
		{B25BB773-A83E-4C45-A40F-CB93DDCEBDF8}.Release|x64.Build.0 = Release|Any CPU
		{B25BB773-A83E-4C45-A40F-CB93DDCEBDF8}.Release|x86.ActiveCfg = Release|Any CPU
		{B25BB773-A83E-4C45-A40F-CB93DDCEBDF8}.Release|x86.Build.0 = Release|Any CPU
		{A4628F7E-8EBA-4E81-8939-B5F530C5B133}.Debug|Any CPU.ActiveCfg = Debug|Any CPU
		{A4628F7E-8EBA-4E81-8939-B5F530C5B133}.Debug|Any CPU.Build.0 = Debug|Any CPU
		{A4628F7E-8EBA-4E81-8939-B5F530C5B133}.Debug|x64.ActiveCfg = Debug|Any CPU
		{A4628F7E-8EBA-4E81-8939-B5F530C5B133}.Debug|x64.Build.0 = Debug|Any CPU
		{A4628F7E-8EBA-4E81-8939-B5F530C5B133}.Debug|x86.ActiveCfg = Debug|Any CPU
		{A4628F7E-8EBA-4E81-8939-B5F530C5B133}.Debug|x86.Build.0 = Debug|Any CPU
		{A4628F7E-8EBA-4E81-8939-B5F530C5B133}.Release|Any CPU.ActiveCfg = Release|Any CPU
		{A4628F7E-8EBA-4E81-8939-B5F530C5B133}.Release|Any CPU.Build.0 = Release|Any CPU
		{A4628F7E-8EBA-4E81-8939-B5F530C5B133}.Release|x64.ActiveCfg = Release|Any CPU
		{A4628F7E-8EBA-4E81-8939-B5F530C5B133}.Release|x64.Build.0 = Release|Any CPU
		{A4628F7E-8EBA-4E81-8939-B5F530C5B133}.Release|x86.ActiveCfg = Release|Any CPU
		{A4628F7E-8EBA-4E81-8939-B5F530C5B133}.Release|x86.Build.0 = Release|Any CPU
		{793AAABF-831B-4FA5-A2E1-D6F38F5A6373}.Debug|Any CPU.ActiveCfg = Debug|Any CPU
		{793AAABF-831B-4FA5-A2E1-D6F38F5A6373}.Debug|Any CPU.Build.0 = Debug|Any CPU
		{793AAABF-831B-4FA5-A2E1-D6F38F5A6373}.Debug|x64.ActiveCfg = Debug|Any CPU
		{793AAABF-831B-4FA5-A2E1-D6F38F5A6373}.Debug|x64.Build.0 = Debug|Any CPU
		{793AAABF-831B-4FA5-A2E1-D6F38F5A6373}.Debug|x86.ActiveCfg = Debug|Any CPU
		{793AAABF-831B-4FA5-A2E1-D6F38F5A6373}.Debug|x86.Build.0 = Debug|Any CPU
		{793AAABF-831B-4FA5-A2E1-D6F38F5A6373}.Release|Any CPU.ActiveCfg = Release|Any CPU
		{793AAABF-831B-4FA5-A2E1-D6F38F5A6373}.Release|Any CPU.Build.0 = Release|Any CPU
		{793AAABF-831B-4FA5-A2E1-D6F38F5A6373}.Release|x64.ActiveCfg = Release|Any CPU
		{793AAABF-831B-4FA5-A2E1-D6F38F5A6373}.Release|x64.Build.0 = Release|Any CPU
		{793AAABF-831B-4FA5-A2E1-D6F38F5A6373}.Release|x86.ActiveCfg = Release|Any CPU
		{793AAABF-831B-4FA5-A2E1-D6F38F5A6373}.Release|x86.Build.0 = Release|Any CPU
		{C8D534D3-4873-4CE6-B9A7-6036248E59A8}.Debug|Any CPU.ActiveCfg = Debug|Any CPU
		{C8D534D3-4873-4CE6-B9A7-6036248E59A8}.Debug|Any CPU.Build.0 = Debug|Any CPU
		{C8D534D3-4873-4CE6-B9A7-6036248E59A8}.Debug|x64.ActiveCfg = Debug|Any CPU
		{C8D534D3-4873-4CE6-B9A7-6036248E59A8}.Debug|x64.Build.0 = Debug|Any CPU
		{C8D534D3-4873-4CE6-B9A7-6036248E59A8}.Debug|x86.ActiveCfg = Debug|Any CPU
		{C8D534D3-4873-4CE6-B9A7-6036248E59A8}.Debug|x86.Build.0 = Debug|Any CPU
		{C8D534D3-4873-4CE6-B9A7-6036248E59A8}.Release|Any CPU.ActiveCfg = Release|Any CPU
		{C8D534D3-4873-4CE6-B9A7-6036248E59A8}.Release|Any CPU.Build.0 = Release|Any CPU
		{C8D534D3-4873-4CE6-B9A7-6036248E59A8}.Release|x64.ActiveCfg = Release|Any CPU
		{C8D534D3-4873-4CE6-B9A7-6036248E59A8}.Release|x64.Build.0 = Release|Any CPU
		{C8D534D3-4873-4CE6-B9A7-6036248E59A8}.Release|x86.ActiveCfg = Release|Any CPU
		{C8D534D3-4873-4CE6-B9A7-6036248E59A8}.Release|x86.Build.0 = Release|Any CPU
		{0779FCE9-330B-4246-960E-88026ECF68ED}.Debug|Any CPU.ActiveCfg = Debug|Any CPU
		{0779FCE9-330B-4246-960E-88026ECF68ED}.Debug|Any CPU.Build.0 = Debug|Any CPU
		{0779FCE9-330B-4246-960E-88026ECF68ED}.Debug|x64.ActiveCfg = Debug|Any CPU
		{0779FCE9-330B-4246-960E-88026ECF68ED}.Debug|x64.Build.0 = Debug|Any CPU
		{0779FCE9-330B-4246-960E-88026ECF68ED}.Debug|x86.ActiveCfg = Debug|Any CPU
		{0779FCE9-330B-4246-960E-88026ECF68ED}.Debug|x86.Build.0 = Debug|Any CPU
		{0779FCE9-330B-4246-960E-88026ECF68ED}.Release|Any CPU.ActiveCfg = Release|Any CPU
		{0779FCE9-330B-4246-960E-88026ECF68ED}.Release|Any CPU.Build.0 = Release|Any CPU
		{0779FCE9-330B-4246-960E-88026ECF68ED}.Release|x64.ActiveCfg = Release|Any CPU
		{0779FCE9-330B-4246-960E-88026ECF68ED}.Release|x64.Build.0 = Release|Any CPU
		{0779FCE9-330B-4246-960E-88026ECF68ED}.Release|x86.ActiveCfg = Release|Any CPU
		{0779FCE9-330B-4246-960E-88026ECF68ED}.Release|x86.Build.0 = Release|Any CPU
		{6BA7AAFB-DC3A-4947-B0B4-8CEBF218B1BD}.Debug|Any CPU.ActiveCfg = Debug|Any CPU
		{6BA7AAFB-DC3A-4947-B0B4-8CEBF218B1BD}.Debug|Any CPU.Build.0 = Debug|Any CPU
		{6BA7AAFB-DC3A-4947-B0B4-8CEBF218B1BD}.Debug|x64.ActiveCfg = Debug|Any CPU
		{6BA7AAFB-DC3A-4947-B0B4-8CEBF218B1BD}.Debug|x64.Build.0 = Debug|Any CPU
		{6BA7AAFB-DC3A-4947-B0B4-8CEBF218B1BD}.Debug|x86.ActiveCfg = Debug|Any CPU
		{6BA7AAFB-DC3A-4947-B0B4-8CEBF218B1BD}.Debug|x86.Build.0 = Debug|Any CPU
		{6BA7AAFB-DC3A-4947-B0B4-8CEBF218B1BD}.Release|Any CPU.ActiveCfg = Release|Any CPU
		{6BA7AAFB-DC3A-4947-B0B4-8CEBF218B1BD}.Release|Any CPU.Build.0 = Release|Any CPU
		{6BA7AAFB-DC3A-4947-B0B4-8CEBF218B1BD}.Release|x64.ActiveCfg = Release|Any CPU
		{6BA7AAFB-DC3A-4947-B0B4-8CEBF218B1BD}.Release|x64.Build.0 = Release|Any CPU
		{6BA7AAFB-DC3A-4947-B0B4-8CEBF218B1BD}.Release|x86.ActiveCfg = Release|Any CPU
		{6BA7AAFB-DC3A-4947-B0B4-8CEBF218B1BD}.Release|x86.Build.0 = Release|Any CPU
		{CBBFE587-22FB-4AA3-A381-A58FB24475BC}.Debug|Any CPU.ActiveCfg = Debug|Any CPU
		{CBBFE587-22FB-4AA3-A381-A58FB24475BC}.Debug|Any CPU.Build.0 = Debug|Any CPU
		{CBBFE587-22FB-4AA3-A381-A58FB24475BC}.Debug|x64.ActiveCfg = Debug|Any CPU
		{CBBFE587-22FB-4AA3-A381-A58FB24475BC}.Debug|x64.Build.0 = Debug|Any CPU
		{CBBFE587-22FB-4AA3-A381-A58FB24475BC}.Debug|x86.ActiveCfg = Debug|Any CPU
		{CBBFE587-22FB-4AA3-A381-A58FB24475BC}.Debug|x86.Build.0 = Debug|Any CPU
		{CBBFE587-22FB-4AA3-A381-A58FB24475BC}.Release|Any CPU.ActiveCfg = Release|Any CPU
		{CBBFE587-22FB-4AA3-A381-A58FB24475BC}.Release|Any CPU.Build.0 = Release|Any CPU
		{CBBFE587-22FB-4AA3-A381-A58FB24475BC}.Release|x64.ActiveCfg = Release|Any CPU
		{CBBFE587-22FB-4AA3-A381-A58FB24475BC}.Release|x64.Build.0 = Release|Any CPU
		{CBBFE587-22FB-4AA3-A381-A58FB24475BC}.Release|x86.ActiveCfg = Release|Any CPU
		{CBBFE587-22FB-4AA3-A381-A58FB24475BC}.Release|x86.Build.0 = Release|Any CPU
		{EFAEDF4A-F2DA-4562-B735-A3C945F69396}.Debug|Any CPU.ActiveCfg = Debug|Any CPU
		{EFAEDF4A-F2DA-4562-B735-A3C945F69396}.Debug|Any CPU.Build.0 = Debug|Any CPU
		{EFAEDF4A-F2DA-4562-B735-A3C945F69396}.Debug|x64.ActiveCfg = Debug|Any CPU
		{EFAEDF4A-F2DA-4562-B735-A3C945F69396}.Debug|x64.Build.0 = Debug|Any CPU
		{EFAEDF4A-F2DA-4562-B735-A3C945F69396}.Debug|x86.ActiveCfg = Debug|Any CPU
		{EFAEDF4A-F2DA-4562-B735-A3C945F69396}.Debug|x86.Build.0 = Debug|Any CPU
		{EFAEDF4A-F2DA-4562-B735-A3C945F69396}.Release|Any CPU.ActiveCfg = Release|Any CPU
		{EFAEDF4A-F2DA-4562-B735-A3C945F69396}.Release|Any CPU.Build.0 = Release|Any CPU
		{EFAEDF4A-F2DA-4562-B735-A3C945F69396}.Release|x64.ActiveCfg = Release|Any CPU
		{EFAEDF4A-F2DA-4562-B735-A3C945F69396}.Release|x64.Build.0 = Release|Any CPU
		{EFAEDF4A-F2DA-4562-B735-A3C945F69396}.Release|x86.ActiveCfg = Release|Any CPU
		{EFAEDF4A-F2DA-4562-B735-A3C945F69396}.Release|x86.Build.0 = Release|Any CPU
		{C06A35A8-140A-4ECA-AF34-AB379B4DC072}.Debug|Any CPU.ActiveCfg = Debug|Any CPU
		{C06A35A8-140A-4ECA-AF34-AB379B4DC072}.Debug|Any CPU.Build.0 = Debug|Any CPU
		{C06A35A8-140A-4ECA-AF34-AB379B4DC072}.Debug|x64.ActiveCfg = Debug|Any CPU
		{C06A35A8-140A-4ECA-AF34-AB379B4DC072}.Debug|x64.Build.0 = Debug|Any CPU
		{C06A35A8-140A-4ECA-AF34-AB379B4DC072}.Debug|x86.ActiveCfg = Debug|Any CPU
		{C06A35A8-140A-4ECA-AF34-AB379B4DC072}.Debug|x86.Build.0 = Debug|Any CPU
		{C06A35A8-140A-4ECA-AF34-AB379B4DC072}.Release|Any CPU.ActiveCfg = Release|Any CPU
		{C06A35A8-140A-4ECA-AF34-AB379B4DC072}.Release|Any CPU.Build.0 = Release|Any CPU
		{C06A35A8-140A-4ECA-AF34-AB379B4DC072}.Release|x64.ActiveCfg = Release|Any CPU
		{C06A35A8-140A-4ECA-AF34-AB379B4DC072}.Release|x64.Build.0 = Release|Any CPU
		{C06A35A8-140A-4ECA-AF34-AB379B4DC072}.Release|x86.ActiveCfg = Release|Any CPU
		{C06A35A8-140A-4ECA-AF34-AB379B4DC072}.Release|x86.Build.0 = Release|Any CPU
		{EBF36540-BF14-4871-8502-8CF796CC56CB}.Debug|Any CPU.ActiveCfg = Debug|Any CPU
		{EBF36540-BF14-4871-8502-8CF796CC56CB}.Debug|Any CPU.Build.0 = Debug|Any CPU
		{EBF36540-BF14-4871-8502-8CF796CC56CB}.Debug|x64.ActiveCfg = Debug|Any CPU
		{EBF36540-BF14-4871-8502-8CF796CC56CB}.Debug|x64.Build.0 = Debug|Any CPU
		{EBF36540-BF14-4871-8502-8CF796CC56CB}.Debug|x86.ActiveCfg = Debug|Any CPU
		{EBF36540-BF14-4871-8502-8CF796CC56CB}.Debug|x86.Build.0 = Debug|Any CPU
		{EBF36540-BF14-4871-8502-8CF796CC56CB}.Release|Any CPU.ActiveCfg = Release|Any CPU
		{EBF36540-BF14-4871-8502-8CF796CC56CB}.Release|Any CPU.Build.0 = Release|Any CPU
		{EBF36540-BF14-4871-8502-8CF796CC56CB}.Release|x64.ActiveCfg = Release|Any CPU
		{EBF36540-BF14-4871-8502-8CF796CC56CB}.Release|x64.Build.0 = Release|Any CPU
		{EBF36540-BF14-4871-8502-8CF796CC56CB}.Release|x86.ActiveCfg = Release|Any CPU
		{EBF36540-BF14-4871-8502-8CF796CC56CB}.Release|x86.Build.0 = Release|Any CPU
		{1DDA0DFF-019B-4455-B172-42261148E99D}.Debug|Any CPU.ActiveCfg = Debug|Any CPU
		{1DDA0DFF-019B-4455-B172-42261148E99D}.Debug|Any CPU.Build.0 = Debug|Any CPU
		{1DDA0DFF-019B-4455-B172-42261148E99D}.Debug|x64.ActiveCfg = Debug|Any CPU
		{1DDA0DFF-019B-4455-B172-42261148E99D}.Debug|x64.Build.0 = Debug|Any CPU
		{1DDA0DFF-019B-4455-B172-42261148E99D}.Debug|x86.ActiveCfg = Debug|Any CPU
		{1DDA0DFF-019B-4455-B172-42261148E99D}.Debug|x86.Build.0 = Debug|Any CPU
		{1DDA0DFF-019B-4455-B172-42261148E99D}.Release|Any CPU.ActiveCfg = Release|Any CPU
		{1DDA0DFF-019B-4455-B172-42261148E99D}.Release|Any CPU.Build.0 = Release|Any CPU
		{1DDA0DFF-019B-4455-B172-42261148E99D}.Release|x64.ActiveCfg = Release|Any CPU
		{1DDA0DFF-019B-4455-B172-42261148E99D}.Release|x64.Build.0 = Release|Any CPU
		{1DDA0DFF-019B-4455-B172-42261148E99D}.Release|x86.ActiveCfg = Release|Any CPU
		{1DDA0DFF-019B-4455-B172-42261148E99D}.Release|x86.Build.0 = Release|Any CPU
		{217B5B96-1F3E-49EB-8FC7-DC3340079829}.Debug|Any CPU.ActiveCfg = Debug|Any CPU
		{217B5B96-1F3E-49EB-8FC7-DC3340079829}.Debug|Any CPU.Build.0 = Debug|Any CPU
		{217B5B96-1F3E-49EB-8FC7-DC3340079829}.Debug|x64.ActiveCfg = Debug|Any CPU
		{217B5B96-1F3E-49EB-8FC7-DC3340079829}.Debug|x64.Build.0 = Debug|Any CPU
		{217B5B96-1F3E-49EB-8FC7-DC3340079829}.Debug|x86.ActiveCfg = Debug|Any CPU
		{217B5B96-1F3E-49EB-8FC7-DC3340079829}.Debug|x86.Build.0 = Debug|Any CPU
		{217B5B96-1F3E-49EB-8FC7-DC3340079829}.Release|Any CPU.ActiveCfg = Release|Any CPU
		{217B5B96-1F3E-49EB-8FC7-DC3340079829}.Release|Any CPU.Build.0 = Release|Any CPU
		{217B5B96-1F3E-49EB-8FC7-DC3340079829}.Release|x64.ActiveCfg = Release|Any CPU
		{217B5B96-1F3E-49EB-8FC7-DC3340079829}.Release|x64.Build.0 = Release|Any CPU
		{217B5B96-1F3E-49EB-8FC7-DC3340079829}.Release|x86.ActiveCfg = Release|Any CPU
		{217B5B96-1F3E-49EB-8FC7-DC3340079829}.Release|x86.Build.0 = Release|Any CPU
		{AA64D5ED-9CCD-4C71-B4D2-0E046F0D2DD7}.Debug|Any CPU.ActiveCfg = Debug|Any CPU
		{AA64D5ED-9CCD-4C71-B4D2-0E046F0D2DD7}.Debug|Any CPU.Build.0 = Debug|Any CPU
		{AA64D5ED-9CCD-4C71-B4D2-0E046F0D2DD7}.Debug|x64.ActiveCfg = Debug|Any CPU
		{AA64D5ED-9CCD-4C71-B4D2-0E046F0D2DD7}.Debug|x64.Build.0 = Debug|Any CPU
		{AA64D5ED-9CCD-4C71-B4D2-0E046F0D2DD7}.Debug|x86.ActiveCfg = Debug|Any CPU
		{AA64D5ED-9CCD-4C71-B4D2-0E046F0D2DD7}.Debug|x86.Build.0 = Debug|Any CPU
		{AA64D5ED-9CCD-4C71-B4D2-0E046F0D2DD7}.Release|Any CPU.ActiveCfg = Release|Any CPU
		{AA64D5ED-9CCD-4C71-B4D2-0E046F0D2DD7}.Release|Any CPU.Build.0 = Release|Any CPU
		{AA64D5ED-9CCD-4C71-B4D2-0E046F0D2DD7}.Release|x64.ActiveCfg = Release|Any CPU
		{AA64D5ED-9CCD-4C71-B4D2-0E046F0D2DD7}.Release|x64.Build.0 = Release|Any CPU
		{AA64D5ED-9CCD-4C71-B4D2-0E046F0D2DD7}.Release|x86.ActiveCfg = Release|Any CPU
		{AA64D5ED-9CCD-4C71-B4D2-0E046F0D2DD7}.Release|x86.Build.0 = Release|Any CPU
		{0FE4560B-F190-4077-92BB-FAA2CA046C56}.Debug|Any CPU.ActiveCfg = Debug|Any CPU
		{0FE4560B-F190-4077-92BB-FAA2CA046C56}.Debug|Any CPU.Build.0 = Debug|Any CPU
		{0FE4560B-F190-4077-92BB-FAA2CA046C56}.Debug|x64.ActiveCfg = Debug|Any CPU
		{0FE4560B-F190-4077-92BB-FAA2CA046C56}.Debug|x64.Build.0 = Debug|Any CPU
		{0FE4560B-F190-4077-92BB-FAA2CA046C56}.Debug|x86.ActiveCfg = Debug|Any CPU
		{0FE4560B-F190-4077-92BB-FAA2CA046C56}.Debug|x86.Build.0 = Debug|Any CPU
		{0FE4560B-F190-4077-92BB-FAA2CA046C56}.Release|Any CPU.ActiveCfg = Release|Any CPU
		{0FE4560B-F190-4077-92BB-FAA2CA046C56}.Release|Any CPU.Build.0 = Release|Any CPU
		{0FE4560B-F190-4077-92BB-FAA2CA046C56}.Release|x64.ActiveCfg = Release|Any CPU
		{0FE4560B-F190-4077-92BB-FAA2CA046C56}.Release|x64.Build.0 = Release|Any CPU
		{0FE4560B-F190-4077-92BB-FAA2CA046C56}.Release|x86.ActiveCfg = Release|Any CPU
		{0FE4560B-F190-4077-92BB-FAA2CA046C56}.Release|x86.Build.0 = Release|Any CPU
		{BCDB5DFA-3B77-4748-AB8F-7F2EA2034A16}.Debug|Any CPU.ActiveCfg = Debug|Any CPU
		{BCDB5DFA-3B77-4748-AB8F-7F2EA2034A16}.Debug|Any CPU.Build.0 = Debug|Any CPU
		{BCDB5DFA-3B77-4748-AB8F-7F2EA2034A16}.Debug|x64.ActiveCfg = Debug|Any CPU
		{BCDB5DFA-3B77-4748-AB8F-7F2EA2034A16}.Debug|x64.Build.0 = Debug|Any CPU
		{BCDB5DFA-3B77-4748-AB8F-7F2EA2034A16}.Debug|x86.ActiveCfg = Debug|Any CPU
		{BCDB5DFA-3B77-4748-AB8F-7F2EA2034A16}.Debug|x86.Build.0 = Debug|Any CPU
		{BCDB5DFA-3B77-4748-AB8F-7F2EA2034A16}.Release|Any CPU.ActiveCfg = Release|Any CPU
		{BCDB5DFA-3B77-4748-AB8F-7F2EA2034A16}.Release|Any CPU.Build.0 = Release|Any CPU
		{BCDB5DFA-3B77-4748-AB8F-7F2EA2034A16}.Release|x64.ActiveCfg = Release|Any CPU
		{BCDB5DFA-3B77-4748-AB8F-7F2EA2034A16}.Release|x64.Build.0 = Release|Any CPU
		{BCDB5DFA-3B77-4748-AB8F-7F2EA2034A16}.Release|x86.ActiveCfg = Release|Any CPU
		{BCDB5DFA-3B77-4748-AB8F-7F2EA2034A16}.Release|x86.Build.0 = Release|Any CPU
		{A5CA21EA-ABED-43E9-8EAF-20399847328A}.Debug|Any CPU.ActiveCfg = Debug|Any CPU
		{A5CA21EA-ABED-43E9-8EAF-20399847328A}.Debug|Any CPU.Build.0 = Debug|Any CPU
		{A5CA21EA-ABED-43E9-8EAF-20399847328A}.Debug|x64.ActiveCfg = Debug|Any CPU
		{A5CA21EA-ABED-43E9-8EAF-20399847328A}.Debug|x64.Build.0 = Debug|Any CPU
		{A5CA21EA-ABED-43E9-8EAF-20399847328A}.Debug|x86.ActiveCfg = Debug|Any CPU
		{A5CA21EA-ABED-43E9-8EAF-20399847328A}.Debug|x86.Build.0 = Debug|Any CPU
		{A5CA21EA-ABED-43E9-8EAF-20399847328A}.Release|Any CPU.ActiveCfg = Release|Any CPU
		{A5CA21EA-ABED-43E9-8EAF-20399847328A}.Release|Any CPU.Build.0 = Release|Any CPU
		{A5CA21EA-ABED-43E9-8EAF-20399847328A}.Release|x64.ActiveCfg = Release|Any CPU
		{A5CA21EA-ABED-43E9-8EAF-20399847328A}.Release|x64.Build.0 = Release|Any CPU
		{A5CA21EA-ABED-43E9-8EAF-20399847328A}.Release|x86.ActiveCfg = Release|Any CPU
		{A5CA21EA-ABED-43E9-8EAF-20399847328A}.Release|x86.Build.0 = Release|Any CPU
		{76BD138F-6BE1-484F-843D-1F0F94787324}.Debug|Any CPU.ActiveCfg = Debug|Any CPU
		{76BD138F-6BE1-484F-843D-1F0F94787324}.Debug|Any CPU.Build.0 = Debug|Any CPU
		{76BD138F-6BE1-484F-843D-1F0F94787324}.Debug|x64.ActiveCfg = Debug|Any CPU
		{76BD138F-6BE1-484F-843D-1F0F94787324}.Debug|x64.Build.0 = Debug|Any CPU
		{76BD138F-6BE1-484F-843D-1F0F94787324}.Debug|x86.ActiveCfg = Debug|Any CPU
		{76BD138F-6BE1-484F-843D-1F0F94787324}.Debug|x86.Build.0 = Debug|Any CPU
		{76BD138F-6BE1-484F-843D-1F0F94787324}.Release|Any CPU.ActiveCfg = Release|Any CPU
		{76BD138F-6BE1-484F-843D-1F0F94787324}.Release|Any CPU.Build.0 = Release|Any CPU
		{76BD138F-6BE1-484F-843D-1F0F94787324}.Release|x64.ActiveCfg = Release|Any CPU
		{76BD138F-6BE1-484F-843D-1F0F94787324}.Release|x64.Build.0 = Release|Any CPU
		{76BD138F-6BE1-484F-843D-1F0F94787324}.Release|x86.ActiveCfg = Release|Any CPU
		{76BD138F-6BE1-484F-843D-1F0F94787324}.Release|x86.Build.0 = Release|Any CPU
		{606EB8D1-67EB-498C-99DF-5C2B487670F9}.Debug|Any CPU.ActiveCfg = Debug|Any CPU
		{606EB8D1-67EB-498C-99DF-5C2B487670F9}.Debug|Any CPU.Build.0 = Debug|Any CPU
		{606EB8D1-67EB-498C-99DF-5C2B487670F9}.Debug|x64.ActiveCfg = Debug|Any CPU
		{606EB8D1-67EB-498C-99DF-5C2B487670F9}.Debug|x64.Build.0 = Debug|Any CPU
		{606EB8D1-67EB-498C-99DF-5C2B487670F9}.Debug|x86.ActiveCfg = Debug|Any CPU
		{606EB8D1-67EB-498C-99DF-5C2B487670F9}.Debug|x86.Build.0 = Debug|Any CPU
		{606EB8D1-67EB-498C-99DF-5C2B487670F9}.Release|Any CPU.ActiveCfg = Release|Any CPU
		{606EB8D1-67EB-498C-99DF-5C2B487670F9}.Release|Any CPU.Build.0 = Release|Any CPU
		{606EB8D1-67EB-498C-99DF-5C2B487670F9}.Release|x64.ActiveCfg = Release|Any CPU
		{606EB8D1-67EB-498C-99DF-5C2B487670F9}.Release|x64.Build.0 = Release|Any CPU
		{606EB8D1-67EB-498C-99DF-5C2B487670F9}.Release|x86.ActiveCfg = Release|Any CPU
		{606EB8D1-67EB-498C-99DF-5C2B487670F9}.Release|x86.Build.0 = Release|Any CPU
		{EFED2F11-CE72-48BB-A59D-43CFC5EB12CF}.Debug|Any CPU.ActiveCfg = Debug|Any CPU
		{EFED2F11-CE72-48BB-A59D-43CFC5EB12CF}.Debug|Any CPU.Build.0 = Debug|Any CPU
		{EFED2F11-CE72-48BB-A59D-43CFC5EB12CF}.Debug|x64.ActiveCfg = Debug|Any CPU
		{EFED2F11-CE72-48BB-A59D-43CFC5EB12CF}.Debug|x64.Build.0 = Debug|Any CPU
		{EFED2F11-CE72-48BB-A59D-43CFC5EB12CF}.Debug|x86.ActiveCfg = Debug|Any CPU
		{EFED2F11-CE72-48BB-A59D-43CFC5EB12CF}.Debug|x86.Build.0 = Debug|Any CPU
		{EFED2F11-CE72-48BB-A59D-43CFC5EB12CF}.Release|Any CPU.ActiveCfg = Release|Any CPU
		{EFED2F11-CE72-48BB-A59D-43CFC5EB12CF}.Release|Any CPU.Build.0 = Release|Any CPU
		{EFED2F11-CE72-48BB-A59D-43CFC5EB12CF}.Release|x64.ActiveCfg = Release|Any CPU
		{EFED2F11-CE72-48BB-A59D-43CFC5EB12CF}.Release|x64.Build.0 = Release|Any CPU
		{EFED2F11-CE72-48BB-A59D-43CFC5EB12CF}.Release|x86.ActiveCfg = Release|Any CPU
		{EFED2F11-CE72-48BB-A59D-43CFC5EB12CF}.Release|x86.Build.0 = Release|Any CPU
		{62857EFB-1FE2-4A72-A23C-92A73C0A00D4}.Debug|Any CPU.ActiveCfg = Debug|Any CPU
		{62857EFB-1FE2-4A72-A23C-92A73C0A00D4}.Debug|Any CPU.Build.0 = Debug|Any CPU
		{62857EFB-1FE2-4A72-A23C-92A73C0A00D4}.Debug|x64.ActiveCfg = Debug|Any CPU
		{62857EFB-1FE2-4A72-A23C-92A73C0A00D4}.Debug|x64.Build.0 = Debug|Any CPU
		{62857EFB-1FE2-4A72-A23C-92A73C0A00D4}.Debug|x86.ActiveCfg = Debug|Any CPU
		{62857EFB-1FE2-4A72-A23C-92A73C0A00D4}.Debug|x86.Build.0 = Debug|Any CPU
		{62857EFB-1FE2-4A72-A23C-92A73C0A00D4}.Release|Any CPU.ActiveCfg = Release|Any CPU
		{62857EFB-1FE2-4A72-A23C-92A73C0A00D4}.Release|Any CPU.Build.0 = Release|Any CPU
		{62857EFB-1FE2-4A72-A23C-92A73C0A00D4}.Release|x64.ActiveCfg = Release|Any CPU
		{62857EFB-1FE2-4A72-A23C-92A73C0A00D4}.Release|x64.Build.0 = Release|Any CPU
		{62857EFB-1FE2-4A72-A23C-92A73C0A00D4}.Release|x86.ActiveCfg = Release|Any CPU
		{62857EFB-1FE2-4A72-A23C-92A73C0A00D4}.Release|x86.Build.0 = Release|Any CPU
		{BDAC0253-6B9E-4F3C-82AA-9E7144D7ACAB}.Debug|Any CPU.ActiveCfg = Debug|Any CPU
		{BDAC0253-6B9E-4F3C-82AA-9E7144D7ACAB}.Debug|Any CPU.Build.0 = Debug|Any CPU
		{BDAC0253-6B9E-4F3C-82AA-9E7144D7ACAB}.Debug|x64.ActiveCfg = Debug|Any CPU
		{BDAC0253-6B9E-4F3C-82AA-9E7144D7ACAB}.Debug|x64.Build.0 = Debug|Any CPU
		{BDAC0253-6B9E-4F3C-82AA-9E7144D7ACAB}.Debug|x86.ActiveCfg = Debug|Any CPU
		{BDAC0253-6B9E-4F3C-82AA-9E7144D7ACAB}.Debug|x86.Build.0 = Debug|Any CPU
		{BDAC0253-6B9E-4F3C-82AA-9E7144D7ACAB}.Release|Any CPU.ActiveCfg = Release|Any CPU
		{BDAC0253-6B9E-4F3C-82AA-9E7144D7ACAB}.Release|Any CPU.Build.0 = Release|Any CPU
		{BDAC0253-6B9E-4F3C-82AA-9E7144D7ACAB}.Release|x64.ActiveCfg = Release|Any CPU
		{BDAC0253-6B9E-4F3C-82AA-9E7144D7ACAB}.Release|x64.Build.0 = Release|Any CPU
		{BDAC0253-6B9E-4F3C-82AA-9E7144D7ACAB}.Release|x86.ActiveCfg = Release|Any CPU
		{BDAC0253-6B9E-4F3C-82AA-9E7144D7ACAB}.Release|x86.Build.0 = Release|Any CPU
		{FB81DA26-BFAA-45A0-A0AA-22676F20757D}.Debug|Any CPU.ActiveCfg = Debug|Any CPU
		{FB81DA26-BFAA-45A0-A0AA-22676F20757D}.Debug|Any CPU.Build.0 = Debug|Any CPU
		{FB81DA26-BFAA-45A0-A0AA-22676F20757D}.Debug|x64.ActiveCfg = Debug|Any CPU
		{FB81DA26-BFAA-45A0-A0AA-22676F20757D}.Debug|x64.Build.0 = Debug|Any CPU
		{FB81DA26-BFAA-45A0-A0AA-22676F20757D}.Debug|x86.ActiveCfg = Debug|Any CPU
		{FB81DA26-BFAA-45A0-A0AA-22676F20757D}.Debug|x86.Build.0 = Debug|Any CPU
		{FB81DA26-BFAA-45A0-A0AA-22676F20757D}.Release|Any CPU.ActiveCfg = Release|Any CPU
		{FB81DA26-BFAA-45A0-A0AA-22676F20757D}.Release|Any CPU.Build.0 = Release|Any CPU
		{FB81DA26-BFAA-45A0-A0AA-22676F20757D}.Release|x64.ActiveCfg = Release|Any CPU
		{FB81DA26-BFAA-45A0-A0AA-22676F20757D}.Release|x64.Build.0 = Release|Any CPU
		{FB81DA26-BFAA-45A0-A0AA-22676F20757D}.Release|x86.ActiveCfg = Release|Any CPU
		{FB81DA26-BFAA-45A0-A0AA-22676F20757D}.Release|x86.Build.0 = Release|Any CPU
	EndGlobalSection
	GlobalSection(SolutionProperties) = preSolution
		HideSolutionNode = FALSE
	EndGlobalSection
	GlobalSection(ExtensibilityGlobals) = postSolution
		SolutionGuid = {4E5BB316-0A87-4D26-93E9-7867230AC531}
	EndGlobalSection
EndGlobal
