
Microsoft Visual Studio Solution File, Format Version 12.00
# Visual Studio Version 18
VisualStudioVersion = 18.2.11415.280
MinimumVisualStudioVersion = 10.0.40219.1
Project("{9A19103F-16F7-4668-BE54-9A1E7A4F7556}") = "IBeam.Models", "IBeam.Models\IBeam.Models.csproj", "{4B391E00-B89B-4EFC-A756-1E391BE3C78F}"
EndProject
Project("{9A19103F-16F7-4668-BE54-9A1E7A4F7556}") = "IBeam.Utilities", "IBeam.Utilities\IBeam.Utilities.csproj", "{C9303440-912B-4F45-AFD1-B8E4711F32FB}"
EndProject
Project("{9A19103F-16F7-4668-BE54-9A1E7A4F7556}") = "IBeam.API", "IBeam.API\IBeam.API.csproj", "{BFE6B193-CEBC-4D8A-BF61-FCF3354403BA}"
EndProject
Project("{9A19103F-16F7-4668-BE54-9A1E7A4F7556}") = "IBeam.Tests", "IBeam.Tests\IBeam.Tests.csproj", "{E85972E0-0F2D-4B4A-9AFA-2763D8BD89BB}"
EndProject
Project("{9A19103F-16F7-4668-BE54-9A1E7A4F7556}") = "IBeam.Services.Core", "IBeam.Services\IBeam.Services.Core.csproj", "{DF7C3152-D09B-4C2E-A7E9-3CEFF9C3C2F7}"
EndProject
Project("{FAE04EC0-301F-11D3-BF4B-00C04F79EFBC}") = "IBeam.Repositories.Core", "IBeam.Repositories.Core\IBeam.Repositories.Core.csproj", "{E24CE5F4-08C9-4C90-8831-D7B11F2B8BE5}"
EndProject
Project("{FAE04EC0-301F-11D3-BF4B-00C04F79EFBC}") = "IBeam.Repositories.OrmLite", "IBeam.Repositories.OrmLite\IBeam.Repositories.OrmLite.csproj", "{B2CBB97D-5860-4BD9-B871-20F1B3291897}"
EndProject
Project("{FAE04EC0-301F-11D3-BF4B-00C04F79EFBC}") = "IBeam.Repositories.AzureTables", "IBeam.Repositories.AzureTables\IBeam.Repositories.AzureTables.csproj", "{5F3FBF84-6F4F-4B03-AA45-567FB5A54EA1}"
EndProject
Project("{FAE04EC0-301F-11D3-BF4B-00C04F79EFBC}") = "IBeam.Identity.Services", "IBeam.Identity.Services\IBeam.Identity.Services.csproj", "{1FD7CE5F-7F04-4517-97E5-5F9F2F3DF0BC}"
EndProject
Project("{FAE04EC0-301F-11D3-BF4B-00C04F79EFBC}") = "IBeam.Identity.Core", "IBeam.Identity.Core\IBeam.Identity.Core.csproj", "{EB559C81-E283-4AAA-BE3A-9C919BDD9DE6}"
EndProject
Project("{FAE04EC0-301F-11D3-BF4B-00C04F79EFBC}") = "IBeam.Identity.Repositories.AzureTable", "IBeam.Identity.Repositories.AzureTable\IBeam.Identity.Repositories.AzureTable.csproj", "{211C25C1-1310-40A6-8520-9381D6B71435}"
EndProject
Project("{FAE04EC0-301F-11D3-BF4B-00C04F79EFBC}") = "IBeam.Identity.Repositories.EntityFramework", "IBeam.Identity.Repositories.EntityFramework\IBeam.Identity.Repositories.EntityFramework.csproj", "{59446BF1-7C30-4D55-A16D-71885EA0E2FA}"
EndProject
Project("{FAE04EC0-301F-11D3-BF4B-00C04F79EFBC}") = "IBeam.Identity.Api", "IBeam.Identity.Api\IBeam.Identity.Api.csproj", "{860E897B-0D38-4A96-949D-97F540EE012F}"
EndProject
Project("{FAE04EC0-301F-11D3-BF4B-00C04F79EFBC}") = "IBeam.Repositories.Abstractions", "IBeam.Repositories.Abstractions\IBeam.Repositories.Abstractions.csproj", "{674F7603-CEEF-4695-8446-C871880001EA}"
EndProject
Project("{FAE04EC0-301F-11D3-BF4B-00C04F79EFBC}") = "IBeam.Identity.Abstractions", "IBeam.Identity.Abstractions\IBeam.Identity.Abstractions.csproj", "{3B7185AD-8AD4-41D8-8D58-C48B1BB0289A}"
EndProject
Project("{FAE04EC0-301F-11D3-BF4B-00C04F79EFBC}") = "IBeam.Services.Abstractions", "IBeam.Services.Abstractions\IBeam.Services.Abstractions.csproj", "{4FC02E3F-E698-4F89-A90B-ECD636F0B30A}"
EndProject
Project("{FAE04EC0-301F-11D3-BF4B-00C04F79EFBC}") = "IBeam.Services.AutoMapper", "IBeam.Services.AutoMapper\IBeam.Services.AutoMapper.csproj", "{2126A805-7755-4704-BD6E-7556D07C3377}"
EndProject
Project("{FAE04EC0-301F-11D3-BF4B-00C04F79EFBC}") = "IBeam.Communications.Abstractions", "IBeam.Communications.Abstractions\IBeam.Communications.Abstractions.csproj", "{6AA74966-E036-4AA8-A473-7EC9B88CE622}"
EndProject
Project("{FAE04EC0-301F-11D3-BF4B-00C04F79EFBC}") = "IBeam.Communications.Email.Smtp", "IBeam.Communications.Email.Smtp\IBeam.Communications.Email.Smtp.csproj", "{442C791A-0781-4C3F-88F7-113B404A34FA}"
EndProject
Project("{FAE04EC0-301F-11D3-BF4B-00C04F79EFBC}") = "IBeam.Communications.Email.PickupDirectory", "IBeam.Communications.Email.PickupDirectory\IBeam.Communications.Email.PickupDirectory.csproj", "{F4B529A2-67A4-4688-BA9A-4E479F28144F}"
EndProject
Project("{FAE04EC0-301F-11D3-BF4B-00C04F79EFBC}") = "IBeam.Communications.Sms.Twilio", "IBeam.Communications.Sms.Twilio\IBeam.Communications.Sms.Twilio.csproj", "{16A8C566-F3D0-45B5-ACD0-802548F4CDDD}"
EndProject
Project("{FAE04EC0-301F-11D3-BF4B-00C04F79EFBC}") = "IBeam.Communications.Email.AzureCommunications", "IBeam.Communications.Email.AzureCommunications\IBeam.Communications.Email.AzureCommunications.csproj", "{B3AF7C87-FE0B-4918-BB27-CD19F2401226}"
EndProject
Project("{FAE04EC0-301F-11D3-BF4B-00C04F79EFBC}") = "IBeam.Communications.Email.SendGrid", "IBeam.Communications.Email.SendGrid\IBeam.Communications.Email.SendGrid.csproj", "{46B5BC5E-51EB-4F0E-B967-02AB519DAE32}"
EndProject
Project("{2150E333-8FDC-42A3-9474-1A3956D46DE8}") = "IBeam.Demo", "IBeam.Demo", "{6EAF66F0-89AC-309A-4680-749E629C3A56}"
EndProject
Project("{FAE04EC0-301F-11D3-BF4B-00C04F79EFBC}") = "IBeam.DemoService", "IBeam.Demo\IBeam.DemoService\IBeam.DemoService.csproj", "{3B257D10-201A-48CD-A96A-D8A871761C19}"
EndProject
Project("{FAE04EC0-301F-11D3-BF4B-00C04F79EFBC}") = "IBeam.DemoApi", "IBeam.Demo\IBeam.DemoApi\IBeam.DemoApi.csproj", "{3E2C6522-40C8-4C88-925E-17B432D7DF71}"
EndProject
Project("{FAE04EC0-301F-11D3-BF4B-00C04F79EFBC}") = "IBeam.Communications.Email.Templating", "IBeam.Communications.Email.Core\IBeam.Communications.Email.Templating.csproj", "{EEA705E9-326D-475C-95B2-446C692CA565}"
EndProject
Project("{FAE04EC0-301F-11D3-BF4B-00C04F79EFBC}") = "IBeam.Communications.Sms.AzureCommunications", "IBeam.Communications.Sms.AzureCommunications\IBeam.Communications.Sms.AzureCommunications.csproj", "{9A67A5C4-577D-4D75-A359-F3FBB6AB26DF}"
EndProject
Global
	GlobalSection(SolutionConfigurationPlatforms) = preSolution
		Debug|Any CPU = Debug|Any CPU
		Debug|x64 = Debug|x64
		Debug|x86 = Debug|x86
		Release|Any CPU = Release|Any CPU
		Release|x64 = Release|x64
		Release|x86 = Release|x86
	EndGlobalSection
	GlobalSection(ProjectConfigurationPlatforms) = postSolution
		{4B391E00-B89B-4EFC-A756-1E391BE3C78F}.Debug|Any CPU.ActiveCfg = Debug|Any CPU
		{4B391E00-B89B-4EFC-A756-1E391BE3C78F}.Debug|Any CPU.Build.0 = Debug|Any CPU
		{4B391E00-B89B-4EFC-A756-1E391BE3C78F}.Debug|x64.ActiveCfg = Debug|Any CPU
		{4B391E00-B89B-4EFC-A756-1E391BE3C78F}.Debug|x64.Build.0 = Debug|Any CPU
		{4B391E00-B89B-4EFC-A756-1E391BE3C78F}.Debug|x86.ActiveCfg = Debug|Any CPU
		{4B391E00-B89B-4EFC-A756-1E391BE3C78F}.Debug|x86.Build.0 = Debug|Any CPU
		{4B391E00-B89B-4EFC-A756-1E391BE3C78F}.Release|Any CPU.ActiveCfg = Release|Any CPU
		{4B391E00-B89B-4EFC-A756-1E391BE3C78F}.Release|Any CPU.Build.0 = Release|Any CPU
		{4B391E00-B89B-4EFC-A756-1E391BE3C78F}.Release|x64.ActiveCfg = Release|Any CPU
		{4B391E00-B89B-4EFC-A756-1E391BE3C78F}.Release|x64.Build.0 = Release|Any CPU
		{4B391E00-B89B-4EFC-A756-1E391BE3C78F}.Release|x86.ActiveCfg = Release|Any CPU
		{4B391E00-B89B-4EFC-A756-1E391BE3C78F}.Release|x86.Build.0 = Release|Any CPU
		{C9303440-912B-4F45-AFD1-B8E4711F32FB}.Debug|Any CPU.ActiveCfg = Debug|Any CPU
		{C9303440-912B-4F45-AFD1-B8E4711F32FB}.Debug|Any CPU.Build.0 = Debug|Any CPU
		{C9303440-912B-4F45-AFD1-B8E4711F32FB}.Debug|x64.ActiveCfg = Debug|Any CPU
		{C9303440-912B-4F45-AFD1-B8E4711F32FB}.Debug|x64.Build.0 = Debug|Any CPU
		{C9303440-912B-4F45-AFD1-B8E4711F32FB}.Debug|x86.ActiveCfg = Debug|Any CPU
		{C9303440-912B-4F45-AFD1-B8E4711F32FB}.Debug|x86.Build.0 = Debug|Any CPU
		{C9303440-912B-4F45-AFD1-B8E4711F32FB}.Release|Any CPU.ActiveCfg = Release|Any CPU
		{C9303440-912B-4F45-AFD1-B8E4711F32FB}.Release|Any CPU.Build.0 = Release|Any CPU
		{C9303440-912B-4F45-AFD1-B8E4711F32FB}.Release|x64.ActiveCfg = Release|Any CPU
		{C9303440-912B-4F45-AFD1-B8E4711F32FB}.Release|x64.Build.0 = Release|Any CPU
		{C9303440-912B-4F45-AFD1-B8E4711F32FB}.Release|x86.ActiveCfg = Release|Any CPU
		{C9303440-912B-4F45-AFD1-B8E4711F32FB}.Release|x86.Build.0 = Release|Any CPU
		{BFE6B193-CEBC-4D8A-BF61-FCF3354403BA}.Debug|Any CPU.ActiveCfg = Debug|Any CPU
		{BFE6B193-CEBC-4D8A-BF61-FCF3354403BA}.Debug|Any CPU.Build.0 = Debug|Any CPU
		{BFE6B193-CEBC-4D8A-BF61-FCF3354403BA}.Debug|x64.ActiveCfg = Debug|Any CPU
		{BFE6B193-CEBC-4D8A-BF61-FCF3354403BA}.Debug|x64.Build.0 = Debug|Any CPU
		{BFE6B193-CEBC-4D8A-BF61-FCF3354403BA}.Debug|x86.ActiveCfg = Debug|Any CPU
		{BFE6B193-CEBC-4D8A-BF61-FCF3354403BA}.Debug|x86.Build.0 = Debug|Any CPU
		{BFE6B193-CEBC-4D8A-BF61-FCF3354403BA}.Release|Any CPU.ActiveCfg = Release|Any CPU
		{BFE6B193-CEBC-4D8A-BF61-FCF3354403BA}.Release|Any CPU.Build.0 = Release|Any CPU
		{BFE6B193-CEBC-4D8A-BF61-FCF3354403BA}.Release|x64.ActiveCfg = Release|Any CPU
		{BFE6B193-CEBC-4D8A-BF61-FCF3354403BA}.Release|x64.Build.0 = Release|Any CPU
		{BFE6B193-CEBC-4D8A-BF61-FCF3354403BA}.Release|x86.ActiveCfg = Release|Any CPU
		{BFE6B193-CEBC-4D8A-BF61-FCF3354403BA}.Release|x86.Build.0 = Release|Any CPU
		{E85972E0-0F2D-4B4A-9AFA-2763D8BD89BB}.Debug|Any CPU.ActiveCfg = Debug|Any CPU
		{E85972E0-0F2D-4B4A-9AFA-2763D8BD89BB}.Debug|Any CPU.Build.0 = Debug|Any CPU
		{E85972E0-0F2D-4B4A-9AFA-2763D8BD89BB}.Debug|x64.ActiveCfg = Debug|Any CPU
		{E85972E0-0F2D-4B4A-9AFA-2763D8BD89BB}.Debug|x64.Build.0 = Debug|Any CPU
		{E85972E0-0F2D-4B4A-9AFA-2763D8BD89BB}.Debug|x86.ActiveCfg = Debug|Any CPU
		{E85972E0-0F2D-4B4A-9AFA-2763D8BD89BB}.Debug|x86.Build.0 = Debug|Any CPU
		{E85972E0-0F2D-4B4A-9AFA-2763D8BD89BB}.Release|Any CPU.ActiveCfg = Release|Any CPU
		{E85972E0-0F2D-4B4A-9AFA-2763D8BD89BB}.Release|Any CPU.Build.0 = Release|Any CPU
		{E85972E0-0F2D-4B4A-9AFA-2763D8BD89BB}.Release|x64.ActiveCfg = Release|Any CPU
		{E85972E0-0F2D-4B4A-9AFA-2763D8BD89BB}.Release|x64.Build.0 = Release|Any CPU
		{E85972E0-0F2D-4B4A-9AFA-2763D8BD89BB}.Release|x86.ActiveCfg = Release|Any CPU
		{E85972E0-0F2D-4B4A-9AFA-2763D8BD89BB}.Release|x86.Build.0 = Release|Any CPU
		{DF7C3152-D09B-4C2E-A7E9-3CEFF9C3C2F7}.Debug|Any CPU.ActiveCfg = Debug|Any CPU
		{DF7C3152-D09B-4C2E-A7E9-3CEFF9C3C2F7}.Debug|Any CPU.Build.0 = Debug|Any CPU
		{DF7C3152-D09B-4C2E-A7E9-3CEFF9C3C2F7}.Debug|x64.ActiveCfg = Debug|Any CPU
		{DF7C3152-D09B-4C2E-A7E9-3CEFF9C3C2F7}.Debug|x64.Build.0 = Debug|Any CPU
		{DF7C3152-D09B-4C2E-A7E9-3CEFF9C3C2F7}.Debug|x86.ActiveCfg = Debug|Any CPU
		{DF7C3152-D09B-4C2E-A7E9-3CEFF9C3C2F7}.Debug|x86.Build.0 = Debug|Any CPU
		{DF7C3152-D09B-4C2E-A7E9-3CEFF9C3C2F7}.Release|Any CPU.ActiveCfg = Release|Any CPU
		{DF7C3152-D09B-4C2E-A7E9-3CEFF9C3C2F7}.Release|Any CPU.Build.0 = Release|Any CPU
		{DF7C3152-D09B-4C2E-A7E9-3CEFF9C3C2F7}.Release|x64.ActiveCfg = Release|Any CPU
		{DF7C3152-D09B-4C2E-A7E9-3CEFF9C3C2F7}.Release|x64.Build.0 = Release|Any CPU
		{DF7C3152-D09B-4C2E-A7E9-3CEFF9C3C2F7}.Release|x86.ActiveCfg = Release|Any CPU
		{DF7C3152-D09B-4C2E-A7E9-3CEFF9C3C2F7}.Release|x86.Build.0 = Release|Any CPU
		{E24CE5F4-08C9-4C90-8831-D7B11F2B8BE5}.Debug|Any CPU.ActiveCfg = Debug|Any CPU
		{E24CE5F4-08C9-4C90-8831-D7B11F2B8BE5}.Debug|Any CPU.Build.0 = Debug|Any CPU
		{E24CE5F4-08C9-4C90-8831-D7B11F2B8BE5}.Debug|x64.ActiveCfg = Debug|Any CPU
		{E24CE5F4-08C9-4C90-8831-D7B11F2B8BE5}.Debug|x64.Build.0 = Debug|Any CPU
		{E24CE5F4-08C9-4C90-8831-D7B11F2B8BE5}.Debug|x86.ActiveCfg = Debug|Any CPU
		{E24CE5F4-08C9-4C90-8831-D7B11F2B8BE5}.Debug|x86.Build.0 = Debug|Any CPU
		{E24CE5F4-08C9-4C90-8831-D7B11F2B8BE5}.Release|Any CPU.ActiveCfg = Release|Any CPU
		{E24CE5F4-08C9-4C90-8831-D7B11F2B8BE5}.Release|Any CPU.Build.0 = Release|Any CPU
		{E24CE5F4-08C9-4C90-8831-D7B11F2B8BE5}.Release|x64.ActiveCfg = Release|Any CPU
		{E24CE5F4-08C9-4C90-8831-D7B11F2B8BE5}.Release|x64.Build.0 = Release|Any CPU
		{E24CE5F4-08C9-4C90-8831-D7B11F2B8BE5}.Release|x86.ActiveCfg = Release|Any CPU
		{E24CE5F4-08C9-4C90-8831-D7B11F2B8BE5}.Release|x86.Build.0 = Release|Any CPU
		{B2CBB97D-5860-4BD9-B871-20F1B3291897}.Debug|Any CPU.ActiveCfg = Debug|Any CPU
		{B2CBB97D-5860-4BD9-B871-20F1B3291897}.Debug|Any CPU.Build.0 = Debug|Any CPU
		{B2CBB97D-5860-4BD9-B871-20F1B3291897}.Debug|x64.ActiveCfg = Debug|Any CPU
		{B2CBB97D-5860-4BD9-B871-20F1B3291897}.Debug|x64.Build.0 = Debug|Any CPU
		{B2CBB97D-5860-4BD9-B871-20F1B3291897}.Debug|x86.ActiveCfg = Debug|Any CPU
		{B2CBB97D-5860-4BD9-B871-20F1B3291897}.Debug|x86.Build.0 = Debug|Any CPU
		{B2CBB97D-5860-4BD9-B871-20F1B3291897}.Release|Any CPU.ActiveCfg = Release|Any CPU
		{B2CBB97D-5860-4BD9-B871-20F1B3291897}.Release|Any CPU.Build.0 = Release|Any CPU
		{B2CBB97D-5860-4BD9-B871-20F1B3291897}.Release|x64.ActiveCfg = Release|Any CPU
		{B2CBB97D-5860-4BD9-B871-20F1B3291897}.Release|x64.Build.0 = Release|Any CPU
		{B2CBB97D-5860-4BD9-B871-20F1B3291897}.Release|x86.ActiveCfg = Release|Any CPU
		{B2CBB97D-5860-4BD9-B871-20F1B3291897}.Release|x86.Build.0 = Release|Any CPU
		{5F3FBF84-6F4F-4B03-AA45-567FB5A54EA1}.Debug|Any CPU.ActiveCfg = Debug|Any CPU
		{5F3FBF84-6F4F-4B03-AA45-567FB5A54EA1}.Debug|Any CPU.Build.0 = Debug|Any CPU
		{5F3FBF84-6F4F-4B03-AA45-567FB5A54EA1}.Debug|x64.ActiveCfg = Debug|Any CPU
		{5F3FBF84-6F4F-4B03-AA45-567FB5A54EA1}.Debug|x64.Build.0 = Debug|Any CPU
		{5F3FBF84-6F4F-4B03-AA45-567FB5A54EA1}.Debug|x86.ActiveCfg = Debug|Any CPU
		{5F3FBF84-6F4F-4B03-AA45-567FB5A54EA1}.Debug|x86.Build.0 = Debug|Any CPU
		{5F3FBF84-6F4F-4B03-AA45-567FB5A54EA1}.Release|Any CPU.ActiveCfg = Release|Any CPU
		{5F3FBF84-6F4F-4B03-AA45-567FB5A54EA1}.Release|Any CPU.Build.0 = Release|Any CPU
		{5F3FBF84-6F4F-4B03-AA45-567FB5A54EA1}.Release|x64.ActiveCfg = Release|Any CPU
		{5F3FBF84-6F4F-4B03-AA45-567FB5A54EA1}.Release|x64.Build.0 = Release|Any CPU
		{5F3FBF84-6F4F-4B03-AA45-567FB5A54EA1}.Release|x86.ActiveCfg = Release|Any CPU
		{5F3FBF84-6F4F-4B03-AA45-567FB5A54EA1}.Release|x86.Build.0 = Release|Any CPU
		{1FD7CE5F-7F04-4517-97E5-5F9F2F3DF0BC}.Debug|Any CPU.ActiveCfg = Debug|Any CPU
		{1FD7CE5F-7F04-4517-97E5-5F9F2F3DF0BC}.Debug|Any CPU.Build.0 = Debug|Any CPU
		{1FD7CE5F-7F04-4517-97E5-5F9F2F3DF0BC}.Debug|x64.ActiveCfg = Debug|Any CPU
		{1FD7CE5F-7F04-4517-97E5-5F9F2F3DF0BC}.Debug|x64.Build.0 = Debug|Any CPU
		{1FD7CE5F-7F04-4517-97E5-5F9F2F3DF0BC}.Debug|x86.ActiveCfg = Debug|Any CPU
		{1FD7CE5F-7F04-4517-97E5-5F9F2F3DF0BC}.Debug|x86.Build.0 = Debug|Any CPU
		{1FD7CE5F-7F04-4517-97E5-5F9F2F3DF0BC}.Release|Any CPU.ActiveCfg = Release|Any CPU
		{1FD7CE5F-7F04-4517-97E5-5F9F2F3DF0BC}.Release|Any CPU.Build.0 = Release|Any CPU
		{1FD7CE5F-7F04-4517-97E5-5F9F2F3DF0BC}.Release|x64.ActiveCfg = Release|Any CPU
		{1FD7CE5F-7F04-4517-97E5-5F9F2F3DF0BC}.Release|x64.Build.0 = Release|Any CPU
		{1FD7CE5F-7F04-4517-97E5-5F9F2F3DF0BC}.Release|x86.ActiveCfg = Release|Any CPU
		{1FD7CE5F-7F04-4517-97E5-5F9F2F3DF0BC}.Release|x86.Build.0 = Release|Any CPU
		{EB559C81-E283-4AAA-BE3A-9C919BDD9DE6}.Debug|Any CPU.ActiveCfg = Debug|Any CPU
		{EB559C81-E283-4AAA-BE3A-9C919BDD9DE6}.Debug|Any CPU.Build.0 = Debug|Any CPU
		{EB559C81-E283-4AAA-BE3A-9C919BDD9DE6}.Debug|x64.ActiveCfg = Debug|Any CPU
		{EB559C81-E283-4AAA-BE3A-9C919BDD9DE6}.Debug|x64.Build.0 = Debug|Any CPU
		{EB559C81-E283-4AAA-BE3A-9C919BDD9DE6}.Debug|x86.ActiveCfg = Debug|Any CPU
		{EB559C81-E283-4AAA-BE3A-9C919BDD9DE6}.Debug|x86.Build.0 = Debug|Any CPU
		{EB559C81-E283-4AAA-BE3A-9C919BDD9DE6}.Release|Any CPU.ActiveCfg = Release|Any CPU
		{EB559C81-E283-4AAA-BE3A-9C919BDD9DE6}.Release|Any CPU.Build.0 = Release|Any CPU
		{EB559C81-E283-4AAA-BE3A-9C919BDD9DE6}.Release|x64.ActiveCfg = Release|Any CPU
		{EB559C81-E283-4AAA-BE3A-9C919BDD9DE6}.Release|x64.Build.0 = Release|Any CPU
		{EB559C81-E283-4AAA-BE3A-9C919BDD9DE6}.Release|x86.ActiveCfg = Release|Any CPU
		{EB559C81-E283-4AAA-BE3A-9C919BDD9DE6}.Release|x86.Build.0 = Release|Any CPU
		{211C25C1-1310-40A6-8520-9381D6B71435}.Debug|Any CPU.ActiveCfg = Debug|Any CPU
		{211C25C1-1310-40A6-8520-9381D6B71435}.Debug|Any CPU.Build.0 = Debug|Any CPU
		{211C25C1-1310-40A6-8520-9381D6B71435}.Debug|x64.ActiveCfg = Debug|Any CPU
		{211C25C1-1310-40A6-8520-9381D6B71435}.Debug|x64.Build.0 = Debug|Any CPU
		{211C25C1-1310-40A6-8520-9381D6B71435}.Debug|x86.ActiveCfg = Debug|Any CPU
		{211C25C1-1310-40A6-8520-9381D6B71435}.Debug|x86.Build.0 = Debug|Any CPU
		{211C25C1-1310-40A6-8520-9381D6B71435}.Release|Any CPU.ActiveCfg = Release|Any CPU
		{211C25C1-1310-40A6-8520-9381D6B71435}.Release|Any CPU.Build.0 = Release|Any CPU
		{211C25C1-1310-40A6-8520-9381D6B71435}.Release|x64.ActiveCfg = Release|Any CPU
		{211C25C1-1310-40A6-8520-9381D6B71435}.Release|x64.Build.0 = Release|Any CPU
		{211C25C1-1310-40A6-8520-9381D6B71435}.Release|x86.ActiveCfg = Release|Any CPU
		{211C25C1-1310-40A6-8520-9381D6B71435}.Release|x86.Build.0 = Release|Any CPU
		{59446BF1-7C30-4D55-A16D-71885EA0E2FA}.Debug|Any CPU.ActiveCfg = Debug|Any CPU
		{59446BF1-7C30-4D55-A16D-71885EA0E2FA}.Debug|Any CPU.Build.0 = Debug|Any CPU
		{59446BF1-7C30-4D55-A16D-71885EA0E2FA}.Debug|x64.ActiveCfg = Debug|Any CPU
		{59446BF1-7C30-4D55-A16D-71885EA0E2FA}.Debug|x64.Build.0 = Debug|Any CPU
		{59446BF1-7C30-4D55-A16D-71885EA0E2FA}.Debug|x86.ActiveCfg = Debug|Any CPU
		{59446BF1-7C30-4D55-A16D-71885EA0E2FA}.Debug|x86.Build.0 = Debug|Any CPU
		{59446BF1-7C30-4D55-A16D-71885EA0E2FA}.Release|Any CPU.ActiveCfg = Release|Any CPU
		{59446BF1-7C30-4D55-A16D-71885EA0E2FA}.Release|Any CPU.Build.0 = Release|Any CPU
		{59446BF1-7C30-4D55-A16D-71885EA0E2FA}.Release|x64.ActiveCfg = Release|Any CPU
		{59446BF1-7C30-4D55-A16D-71885EA0E2FA}.Release|x64.Build.0 = Release|Any CPU
		{59446BF1-7C30-4D55-A16D-71885EA0E2FA}.Release|x86.ActiveCfg = Release|Any CPU
		{59446BF1-7C30-4D55-A16D-71885EA0E2FA}.Release|x86.Build.0 = Release|Any CPU
		{860E897B-0D38-4A96-949D-97F540EE012F}.Debug|Any CPU.ActiveCfg = Debug|Any CPU
		{860E897B-0D38-4A96-949D-97F540EE012F}.Debug|Any CPU.Build.0 = Debug|Any CPU
		{860E897B-0D38-4A96-949D-97F540EE012F}.Debug|x64.ActiveCfg = Debug|Any CPU
		{860E897B-0D38-4A96-949D-97F540EE012F}.Debug|x64.Build.0 = Debug|Any CPU
		{860E897B-0D38-4A96-949D-97F540EE012F}.Debug|x86.ActiveCfg = Debug|Any CPU
		{860E897B-0D38-4A96-949D-97F540EE012F}.Debug|x86.Build.0 = Debug|Any CPU
		{860E897B-0D38-4A96-949D-97F540EE012F}.Release|Any CPU.ActiveCfg = Release|Any CPU
		{860E897B-0D38-4A96-949D-97F540EE012F}.Release|Any CPU.Build.0 = Release|Any CPU
		{860E897B-0D38-4A96-949D-97F540EE012F}.Release|x64.ActiveCfg = Release|Any CPU
		{860E897B-0D38-4A96-949D-97F540EE012F}.Release|x64.Build.0 = Release|Any CPU
		{860E897B-0D38-4A96-949D-97F540EE012F}.Release|x86.ActiveCfg = Release|Any CPU
		{860E897B-0D38-4A96-949D-97F540EE012F}.Release|x86.Build.0 = Release|Any CPU
		{674F7603-CEEF-4695-8446-C871880001EA}.Debug|Any CPU.ActiveCfg = Debug|Any CPU
		{674F7603-CEEF-4695-8446-C871880001EA}.Debug|Any CPU.Build.0 = Debug|Any CPU
		{674F7603-CEEF-4695-8446-C871880001EA}.Debug|x64.ActiveCfg = Debug|Any CPU
		{674F7603-CEEF-4695-8446-C871880001EA}.Debug|x64.Build.0 = Debug|Any CPU
		{674F7603-CEEF-4695-8446-C871880001EA}.Debug|x86.ActiveCfg = Debug|Any CPU
		{674F7603-CEEF-4695-8446-C871880001EA}.Debug|x86.Build.0 = Debug|Any CPU
		{674F7603-CEEF-4695-8446-C871880001EA}.Release|Any CPU.ActiveCfg = Release|Any CPU
		{674F7603-CEEF-4695-8446-C871880001EA}.Release|Any CPU.Build.0 = Release|Any CPU
		{674F7603-CEEF-4695-8446-C871880001EA}.Release|x64.ActiveCfg = Release|Any CPU
		{674F7603-CEEF-4695-8446-C871880001EA}.Release|x64.Build.0 = Release|Any CPU
		{674F7603-CEEF-4695-8446-C871880001EA}.Release|x86.ActiveCfg = Release|Any CPU
		{674F7603-CEEF-4695-8446-C871880001EA}.Release|x86.Build.0 = Release|Any CPU
		{3B7185AD-8AD4-41D8-8D58-C48B1BB0289A}.Debug|Any CPU.ActiveCfg = Debug|Any CPU
		{3B7185AD-8AD4-41D8-8D58-C48B1BB0289A}.Debug|Any CPU.Build.0 = Debug|Any CPU
		{3B7185AD-8AD4-41D8-8D58-C48B1BB0289A}.Debug|x64.ActiveCfg = Debug|Any CPU
		{3B7185AD-8AD4-41D8-8D58-C48B1BB0289A}.Debug|x64.Build.0 = Debug|Any CPU
		{3B7185AD-8AD4-41D8-8D58-C48B1BB0289A}.Debug|x86.ActiveCfg = Debug|Any CPU
		{3B7185AD-8AD4-41D8-8D58-C48B1BB0289A}.Debug|x86.Build.0 = Debug|Any CPU
		{3B7185AD-8AD4-41D8-8D58-C48B1BB0289A}.Release|Any CPU.ActiveCfg = Release|Any CPU
		{3B7185AD-8AD4-41D8-8D58-C48B1BB0289A}.Release|Any CPU.Build.0 = Release|Any CPU
		{3B7185AD-8AD4-41D8-8D58-C48B1BB0289A}.Release|x64.ActiveCfg = Release|Any CPU
		{3B7185AD-8AD4-41D8-8D58-C48B1BB0289A}.Release|x64.Build.0 = Release|Any CPU
		{3B7185AD-8AD4-41D8-8D58-C48B1BB0289A}.Release|x86.ActiveCfg = Release|Any CPU
		{3B7185AD-8AD4-41D8-8D58-C48B1BB0289A}.Release|x86.Build.0 = Release|Any CPU
		{4FC02E3F-E698-4F89-A90B-ECD636F0B30A}.Debug|Any CPU.ActiveCfg = Debug|Any CPU
		{4FC02E3F-E698-4F89-A90B-ECD636F0B30A}.Debug|Any CPU.Build.0 = Debug|Any CPU
		{4FC02E3F-E698-4F89-A90B-ECD636F0B30A}.Debug|x64.ActiveCfg = Debug|Any CPU
		{4FC02E3F-E698-4F89-A90B-ECD636F0B30A}.Debug|x64.Build.0 = Debug|Any CPU
		{4FC02E3F-E698-4F89-A90B-ECD636F0B30A}.Debug|x86.ActiveCfg = Debug|Any CPU
		{4FC02E3F-E698-4F89-A90B-ECD636F0B30A}.Debug|x86.Build.0 = Debug|Any CPU
		{4FC02E3F-E698-4F89-A90B-ECD636F0B30A}.Release|Any CPU.ActiveCfg = Release|Any CPU
		{4FC02E3F-E698-4F89-A90B-ECD636F0B30A}.Release|Any CPU.Build.0 = Release|Any CPU
		{4FC02E3F-E698-4F89-A90B-ECD636F0B30A}.Release|x64.ActiveCfg = Release|Any CPU
		{4FC02E3F-E698-4F89-A90B-ECD636F0B30A}.Release|x64.Build.0 = Release|Any CPU
		{4FC02E3F-E698-4F89-A90B-ECD636F0B30A}.Release|x86.ActiveCfg = Release|Any CPU
		{4FC02E3F-E698-4F89-A90B-ECD636F0B30A}.Release|x86.Build.0 = Release|Any CPU
		{2126A805-7755-4704-BD6E-7556D07C3377}.Debug|Any CPU.ActiveCfg = Debug|Any CPU
		{2126A805-7755-4704-BD6E-7556D07C3377}.Debug|Any CPU.Build.0 = Debug|Any CPU
		{2126A805-7755-4704-BD6E-7556D07C3377}.Debug|x64.ActiveCfg = Debug|Any CPU
		{2126A805-7755-4704-BD6E-7556D07C3377}.Debug|x64.Build.0 = Debug|Any CPU
		{2126A805-7755-4704-BD6E-7556D07C3377}.Debug|x86.ActiveCfg = Debug|Any CPU
		{2126A805-7755-4704-BD6E-7556D07C3377}.Debug|x86.Build.0 = Debug|Any CPU
		{2126A805-7755-4704-BD6E-7556D07C3377}.Release|Any CPU.ActiveCfg = Release|Any CPU
		{2126A805-7755-4704-BD6E-7556D07C3377}.Release|Any CPU.Build.0 = Release|Any CPU
		{2126A805-7755-4704-BD6E-7556D07C3377}.Release|x64.ActiveCfg = Release|Any CPU
		{2126A805-7755-4704-BD6E-7556D07C3377}.Release|x64.Build.0 = Release|Any CPU
		{2126A805-7755-4704-BD6E-7556D07C3377}.Release|x86.ActiveCfg = Release|Any CPU
		{2126A805-7755-4704-BD6E-7556D07C3377}.Release|x86.Build.0 = Release|Any CPU
		{6AA74966-E036-4AA8-A473-7EC9B88CE622}.Debug|Any CPU.ActiveCfg = Debug|Any CPU
		{6AA74966-E036-4AA8-A473-7EC9B88CE622}.Debug|Any CPU.Build.0 = Debug|Any CPU
		{6AA74966-E036-4AA8-A473-7EC9B88CE622}.Debug|x64.ActiveCfg = Debug|Any CPU
		{6AA74966-E036-4AA8-A473-7EC9B88CE622}.Debug|x64.Build.0 = Debug|Any CPU
		{6AA74966-E036-4AA8-A473-7EC9B88CE622}.Debug|x86.ActiveCfg = Debug|Any CPU
		{6AA74966-E036-4AA8-A473-7EC9B88CE622}.Debug|x86.Build.0 = Debug|Any CPU
		{6AA74966-E036-4AA8-A473-7EC9B88CE622}.Release|Any CPU.ActiveCfg = Release|Any CPU
		{6AA74966-E036-4AA8-A473-7EC9B88CE622}.Release|Any CPU.Build.0 = Release|Any CPU
		{6AA74966-E036-4AA8-A473-7EC9B88CE622}.Release|x64.ActiveCfg = Release|Any CPU
		{6AA74966-E036-4AA8-A473-7EC9B88CE622}.Release|x64.Build.0 = Release|Any CPU
		{6AA74966-E036-4AA8-A473-7EC9B88CE622}.Release|x86.ActiveCfg = Release|Any CPU
		{6AA74966-E036-4AA8-A473-7EC9B88CE622}.Release|x86.Build.0 = Release|Any CPU
		{442C791A-0781-4C3F-88F7-113B404A34FA}.Debug|Any CPU.ActiveCfg = Debug|Any CPU
		{442C791A-0781-4C3F-88F7-113B404A34FA}.Debug|Any CPU.Build.0 = Debug|Any CPU
		{442C791A-0781-4C3F-88F7-113B404A34FA}.Debug|x64.ActiveCfg = Debug|Any CPU
		{442C791A-0781-4C3F-88F7-113B404A34FA}.Debug|x64.Build.0 = Debug|Any CPU
		{442C791A-0781-4C3F-88F7-113B404A34FA}.Debug|x86.ActiveCfg = Debug|Any CPU
		{442C791A-0781-4C3F-88F7-113B404A34FA}.Debug|x86.Build.0 = Debug|Any CPU
		{442C791A-0781-4C3F-88F7-113B404A34FA}.Release|Any CPU.ActiveCfg = Release|Any CPU
		{442C791A-0781-4C3F-88F7-113B404A34FA}.Release|Any CPU.Build.0 = Release|Any CPU
		{442C791A-0781-4C3F-88F7-113B404A34FA}.Release|x64.ActiveCfg = Release|Any CPU
		{442C791A-0781-4C3F-88F7-113B404A34FA}.Release|x64.Build.0 = Release|Any CPU
		{442C791A-0781-4C3F-88F7-113B404A34FA}.Release|x86.ActiveCfg = Release|Any CPU
		{442C791A-0781-4C3F-88F7-113B404A34FA}.Release|x86.Build.0 = Release|Any CPU
		{F4B529A2-67A4-4688-BA9A-4E479F28144F}.Debug|Any CPU.ActiveCfg = Debug|Any CPU
		{F4B529A2-67A4-4688-BA9A-4E479F28144F}.Debug|Any CPU.Build.0 = Debug|Any CPU
		{F4B529A2-67A4-4688-BA9A-4E479F28144F}.Debug|x64.ActiveCfg = Debug|Any CPU
		{F4B529A2-67A4-4688-BA9A-4E479F28144F}.Debug|x64.Build.0 = Debug|Any CPU
		{F4B529A2-67A4-4688-BA9A-4E479F28144F}.Debug|x86.ActiveCfg = Debug|Any CPU
		{F4B529A2-67A4-4688-BA9A-4E479F28144F}.Debug|x86.Build.0 = Debug|Any CPU
		{F4B529A2-67A4-4688-BA9A-4E479F28144F}.Release|Any CPU.ActiveCfg = Release|Any CPU
		{F4B529A2-67A4-4688-BA9A-4E479F28144F}.Release|Any CPU.Build.0 = Release|Any CPU
		{F4B529A2-67A4-4688-BA9A-4E479F28144F}.Release|x64.ActiveCfg = Release|Any CPU
		{F4B529A2-67A4-4688-BA9A-4E479F28144F}.Release|x64.Build.0 = Release|Any CPU
		{F4B529A2-67A4-4688-BA9A-4E479F28144F}.Release|x86.ActiveCfg = Release|Any CPU
		{F4B529A2-67A4-4688-BA9A-4E479F28144F}.Release|x86.Build.0 = Release|Any CPU
		{16A8C566-F3D0-45B5-ACD0-802548F4CDDD}.Debug|Any CPU.ActiveCfg = Debug|Any CPU
		{16A8C566-F3D0-45B5-ACD0-802548F4CDDD}.Debug|Any CPU.Build.0 = Debug|Any CPU
		{16A8C566-F3D0-45B5-ACD0-802548F4CDDD}.Debug|x64.ActiveCfg = Debug|Any CPU
		{16A8C566-F3D0-45B5-ACD0-802548F4CDDD}.Debug|x64.Build.0 = Debug|Any CPU
		{16A8C566-F3D0-45B5-ACD0-802548F4CDDD}.Debug|x86.ActiveCfg = Debug|Any CPU
		{16A8C566-F3D0-45B5-ACD0-802548F4CDDD}.Debug|x86.Build.0 = Debug|Any CPU
		{16A8C566-F3D0-45B5-ACD0-802548F4CDDD}.Release|Any CPU.ActiveCfg = Release|Any CPU
		{16A8C566-F3D0-45B5-ACD0-802548F4CDDD}.Release|Any CPU.Build.0 = Release|Any CPU
		{16A8C566-F3D0-45B5-ACD0-802548F4CDDD}.Release|x64.ActiveCfg = Release|Any CPU
		{16A8C566-F3D0-45B5-ACD0-802548F4CDDD}.Release|x64.Build.0 = Release|Any CPU
		{16A8C566-F3D0-45B5-ACD0-802548F4CDDD}.Release|x86.ActiveCfg = Release|Any CPU
		{16A8C566-F3D0-45B5-ACD0-802548F4CDDD}.Release|x86.Build.0 = Release|Any CPU
		{B3AF7C87-FE0B-4918-BB27-CD19F2401226}.Debug|Any CPU.ActiveCfg = Debug|Any CPU
		{B3AF7C87-FE0B-4918-BB27-CD19F2401226}.Debug|Any CPU.Build.0 = Debug|Any CPU
		{B3AF7C87-FE0B-4918-BB27-CD19F2401226}.Debug|x64.ActiveCfg = Debug|Any CPU
		{B3AF7C87-FE0B-4918-BB27-CD19F2401226}.Debug|x64.Build.0 = Debug|Any CPU
		{B3AF7C87-FE0B-4918-BB27-CD19F2401226}.Debug|x86.ActiveCfg = Debug|Any CPU
		{B3AF7C87-FE0B-4918-BB27-CD19F2401226}.Debug|x86.Build.0 = Debug|Any CPU
		{B3AF7C87-FE0B-4918-BB27-CD19F2401226}.Release|Any CPU.ActiveCfg = Release|Any CPU
		{B3AF7C87-FE0B-4918-BB27-CD19F2401226}.Release|Any CPU.Build.0 = Release|Any CPU
		{B3AF7C87-FE0B-4918-BB27-CD19F2401226}.Release|x64.ActiveCfg = Release|Any CPU
		{B3AF7C87-FE0B-4918-BB27-CD19F2401226}.Release|x64.Build.0 = Release|Any CPU
		{B3AF7C87-FE0B-4918-BB27-CD19F2401226}.Release|x86.ActiveCfg = Release|Any CPU
		{B3AF7C87-FE0B-4918-BB27-CD19F2401226}.Release|x86.Build.0 = Release|Any CPU
		{46B5BC5E-51EB-4F0E-B967-02AB519DAE32}.Debug|Any CPU.ActiveCfg = Debug|Any CPU
		{46B5BC5E-51EB-4F0E-B967-02AB519DAE32}.Debug|Any CPU.Build.0 = Debug|Any CPU
		{46B5BC5E-51EB-4F0E-B967-02AB519DAE32}.Debug|x64.ActiveCfg = Debug|Any CPU
		{46B5BC5E-51EB-4F0E-B967-02AB519DAE32}.Debug|x64.Build.0 = Debug|Any CPU
		{46B5BC5E-51EB-4F0E-B967-02AB519DAE32}.Debug|x86.ActiveCfg = Debug|Any CPU
		{46B5BC5E-51EB-4F0E-B967-02AB519DAE32}.Debug|x86.Build.0 = Debug|Any CPU
		{46B5BC5E-51EB-4F0E-B967-02AB519DAE32}.Release|Any CPU.ActiveCfg = Release|Any CPU
		{46B5BC5E-51EB-4F0E-B967-02AB519DAE32}.Release|Any CPU.Build.0 = Release|Any CPU
		{46B5BC5E-51EB-4F0E-B967-02AB519DAE32}.Release|x64.ActiveCfg = Release|Any CPU
		{46B5BC5E-51EB-4F0E-B967-02AB519DAE32}.Release|x64.Build.0 = Release|Any CPU
		{46B5BC5E-51EB-4F0E-B967-02AB519DAE32}.Release|x86.ActiveCfg = Release|Any CPU
		{46B5BC5E-51EB-4F0E-B967-02AB519DAE32}.Release|x86.Build.0 = Release|Any CPU
		{3B257D10-201A-48CD-A96A-D8A871761C19}.Debug|Any CPU.ActiveCfg = Debug|Any CPU
		{3B257D10-201A-48CD-A96A-D8A871761C19}.Debug|Any CPU.Build.0 = Debug|Any CPU
		{3B257D10-201A-48CD-A96A-D8A871761C19}.Debug|x64.ActiveCfg = Debug|Any CPU
		{3B257D10-201A-48CD-A96A-D8A871761C19}.Debug|x64.Build.0 = Debug|Any CPU
		{3B257D10-201A-48CD-A96A-D8A871761C19}.Debug|x86.ActiveCfg = Debug|Any CPU
		{3B257D10-201A-48CD-A96A-D8A871761C19}.Debug|x86.Build.0 = Debug|Any CPU
		{3B257D10-201A-48CD-A96A-D8A871761C19}.Release|Any CPU.ActiveCfg = Release|Any CPU
		{3B257D10-201A-48CD-A96A-D8A871761C19}.Release|Any CPU.Build.0 = Release|Any CPU
		{3B257D10-201A-48CD-A96A-D8A871761C19}.Release|x64.ActiveCfg = Release|Any CPU
		{3B257D10-201A-48CD-A96A-D8A871761C19}.Release|x64.Build.0 = Release|Any CPU
		{3B257D10-201A-48CD-A96A-D8A871761C19}.Release|x86.ActiveCfg = Release|Any CPU
		{3B257D10-201A-48CD-A96A-D8A871761C19}.Release|x86.Build.0 = Release|Any CPU
		{3E2C6522-40C8-4C88-925E-17B432D7DF71}.Debug|Any CPU.ActiveCfg = Debug|Any CPU
		{3E2C6522-40C8-4C88-925E-17B432D7DF71}.Debug|Any CPU.Build.0 = Debug|Any CPU
		{3E2C6522-40C8-4C88-925E-17B432D7DF71}.Debug|x64.ActiveCfg = Debug|Any CPU
		{3E2C6522-40C8-4C88-925E-17B432D7DF71}.Debug|x64.Build.0 = Debug|Any CPU
		{3E2C6522-40C8-4C88-925E-17B432D7DF71}.Debug|x86.ActiveCfg = Debug|Any CPU
		{3E2C6522-40C8-4C88-925E-17B432D7DF71}.Debug|x86.Build.0 = Debug|Any CPU
		{3E2C6522-40C8-4C88-925E-17B432D7DF71}.Release|Any CPU.ActiveCfg = Release|Any CPU
		{3E2C6522-40C8-4C88-925E-17B432D7DF71}.Release|Any CPU.Build.0 = Release|Any CPU
		{3E2C6522-40C8-4C88-925E-17B432D7DF71}.Release|x64.ActiveCfg = Release|Any CPU
		{3E2C6522-40C8-4C88-925E-17B432D7DF71}.Release|x64.Build.0 = Release|Any CPU
		{3E2C6522-40C8-4C88-925E-17B432D7DF71}.Release|x86.ActiveCfg = Release|Any CPU
		{3E2C6522-40C8-4C88-925E-17B432D7DF71}.Release|x86.Build.0 = Release|Any CPU
		{EEA705E9-326D-475C-95B2-446C692CA565}.Debug|Any CPU.ActiveCfg = Debug|Any CPU
		{EEA705E9-326D-475C-95B2-446C692CA565}.Debug|Any CPU.Build.0 = Debug|Any CPU
		{EEA705E9-326D-475C-95B2-446C692CA565}.Debug|x64.ActiveCfg = Debug|Any CPU
		{EEA705E9-326D-475C-95B2-446C692CA565}.Debug|x64.Build.0 = Debug|Any CPU
		{EEA705E9-326D-475C-95B2-446C692CA565}.Debug|x86.ActiveCfg = Debug|Any CPU
		{EEA705E9-326D-475C-95B2-446C692CA565}.Debug|x86.Build.0 = Debug|Any CPU
		{EEA705E9-326D-475C-95B2-446C692CA565}.Release|Any CPU.ActiveCfg = Release|Any CPU
		{EEA705E9-326D-475C-95B2-446C692CA565}.Release|Any CPU.Build.0 = Release|Any CPU
		{EEA705E9-326D-475C-95B2-446C692CA565}.Release|x64.ActiveCfg = Release|Any CPU
		{EEA705E9-326D-475C-95B2-446C692CA565}.Release|x64.Build.0 = Release|Any CPU
		{EEA705E9-326D-475C-95B2-446C692CA565}.Release|x86.ActiveCfg = Release|Any CPU
		{EEA705E9-326D-475C-95B2-446C692CA565}.Release|x86.Build.0 = Release|Any CPU
		{9A67A5C4-577D-4D75-A359-F3FBB6AB26DF}.Debug|Any CPU.ActiveCfg = Debug|Any CPU
		{9A67A5C4-577D-4D75-A359-F3FBB6AB26DF}.Debug|Any CPU.Build.0 = Debug|Any CPU
		{9A67A5C4-577D-4D75-A359-F3FBB6AB26DF}.Debug|x64.ActiveCfg = Debug|Any CPU
		{9A67A5C4-577D-4D75-A359-F3FBB6AB26DF}.Debug|x64.Build.0 = Debug|Any CPU
		{9A67A5C4-577D-4D75-A359-F3FBB6AB26DF}.Debug|x86.ActiveCfg = Debug|Any CPU
		{9A67A5C4-577D-4D75-A359-F3FBB6AB26DF}.Debug|x86.Build.0 = Debug|Any CPU
		{9A67A5C4-577D-4D75-A359-F3FBB6AB26DF}.Release|Any CPU.ActiveCfg = Release|Any CPU
		{9A67A5C4-577D-4D75-A359-F3FBB6AB26DF}.Release|Any CPU.Build.0 = Release|Any CPU
		{9A67A5C4-577D-4D75-A359-F3FBB6AB26DF}.Release|x64.ActiveCfg = Release|Any CPU
		{9A67A5C4-577D-4D75-A359-F3FBB6AB26DF}.Release|x64.Build.0 = Release|Any CPU
		{9A67A5C4-577D-4D75-A359-F3FBB6AB26DF}.Release|x86.ActiveCfg = Release|Any CPU
		{9A67A5C4-577D-4D75-A359-F3FBB6AB26DF}.Release|x86.Build.0 = Release|Any CPU
	EndGlobalSection
	GlobalSection(SolutionProperties) = preSolution
		HideSolutionNode = FALSE
	EndGlobalSection
	GlobalSection(NestedProjects) = preSolution
		{3B257D10-201A-48CD-A96A-D8A871761C19} = {6EAF66F0-89AC-309A-4680-749E629C3A56}
		{3E2C6522-40C8-4C88-925E-17B432D7DF71} = {6EAF66F0-89AC-309A-4680-749E629C3A56}
	EndGlobalSection
	GlobalSection(ExtensibilityGlobals) = postSolution
		SolutionGuid = {4E5BB316-0A87-4D26-93E9-7867230AC531}
	EndGlobalSection
EndGlobal
