
Microsoft Visual Studio Solution File, Format Version 12.00
# Visual Studio Version 18
VisualStudioVersion = 18.2.11415.280
MinimumVisualStudioVersion = 10.0.40219.1
Project("{9A19103F-16F7-4668-BE54-9A1E7A4F7556}") = "IBeam.Repositories", "IBeam.Repositories\IBeam.Repositories.csproj", "{69E67E1E-F3A9-4F60-A873-B462CF28B3F4}"
EndProject
Project("{9A19103F-16F7-4668-BE54-9A1E7A4F7556}") = "IBeam.DataModels", "IBeam.DataModels\IBeam.DataModels.csproj", "{99679E7D-06AC-4B28-837C-881F89FD6CCC}"
EndProject
Project("{9A19103F-16F7-4668-BE54-9A1E7A4F7556}") = "IBeam.Models", "IBeam.Models\IBeam.Models.csproj", "{4B391E00-B89B-4EFC-A756-1E391BE3C78F}"
EndProject
Project("{9A19103F-16F7-4668-BE54-9A1E7A4F7556}") = "IBeam.Utilities", "IBeam.Utilities\IBeam.Utilities.csproj", "{C9303440-912B-4F45-AFD1-B8E4711F32FB}"
EndProject
Project("{9A19103F-16F7-4668-BE54-9A1E7A4F7556}") = "IBeam.Mappings", "IBeam.Mappings\IBeam.Mappings.csproj", "{9AE867DB-5DD9-4C1E-9151-41FF27C15055}"
EndProject
Project("{9A19103F-16F7-4668-BE54-9A1E7A4F7556}") = "IBeam.API", "IBeam.API\IBeam.API.csproj", "{BFE6B193-CEBC-4D8A-BF61-FCF3354403BA}"
EndProject
Project("{9A19103F-16F7-4668-BE54-9A1E7A4F7556}") = "IBeam.Tests", "IBeam.Tests\IBeam.Tests.csproj", "{E85972E0-0F2D-4B4A-9AFA-2763D8BD89BB}"
EndProject
Project("{9A19103F-16F7-4668-BE54-9A1E7A4F7556}") = "IBeam.Services.Core", "IBeam.Services\IBeam.Services.Core.csproj", "{DF7C3152-D09B-4C2E-A7E9-3CEFF9C3C2F7}"
EndProject
Project("{FAE04EC0-301F-11D3-BF4B-00C04F79EFBC}") = "IBeam.Scaffolding.Repositories", "IBeam.Repositories.Scaffold\IBeam.Scaffolding.Repositories.csproj", "{E44A6D5C-1BA3-47E3-8F61-8DA0E33E2528}"
EndProject
Project("{FAE04EC0-301F-11D3-BF4B-00C04F79EFBC}") = "IBeam.Scaffolding.Services", "IBeam.Services.Scaffold\IBeam.Scaffolding.Services.csproj", "{9241F4F1-3B76-4911-9E8B-571E462FF76C}"
EndProject
Project("{FAE04EC0-301F-11D3-BF4B-00C04F79EFBC}") = "IBeam.Scaffolding.Models", "IBeam.Scaffolding.Models\IBeam.Scaffolding.Models.csproj", "{A6CA22C3-07D9-4E5C-924D-BC30703CCEFC}"
EndProject
Project("{FAE04EC0-301F-11D3-BF4B-00C04F79EFBC}") = "IBeam.Scaffolding.DataModels", "IBeam.Scaffolding.DataModels\IBeam.Scaffolding.DataModels.csproj", "{FCF98F02-F854-428E-8628-EA5766591781}"
EndProject
Project("{FAE04EC0-301F-11D3-BF4B-00C04F79EFBC}") = "IBeam.Repositories.Core", "IBeam.Repositories.Core\IBeam.Repositories.Core.csproj", "{E24CE5F4-08C9-4C90-8831-D7B11F2B8BE5}"
EndProject
Project("{FAE04EC0-301F-11D3-BF4B-00C04F79EFBC}") = "IBeam.Repositories.OrmLite", "IBeam.Repositories.OrmLite\IBeam.Repositories.OrmLite.csproj", "{B2CBB97D-5860-4BD9-B871-20F1B3291897}"
EndProject
Project("{FAE04EC0-301F-11D3-BF4B-00C04F79EFBC}") = "IBeam.Repositories.AzureTables", "IBeam.Repositories.AzureTables\IBeam.Repositories.AzureTables.csproj", "{5F3FBF84-6F4F-4B03-AA45-567FB5A54EA1}"
EndProject
Project("{FAE04EC0-301F-11D3-BF4B-00C04F79EFBC}") = "IBeam.Identity.Services", "IBeam.Identity.Services\IBeam.Identity.Services.csproj", "{1FD7CE5F-7F04-4517-97E5-5F9F2F3DF0BC}"
EndProject
Project("{FAE04EC0-301F-11D3-BF4B-00C04F79EFBC}") = "IBeam.Identity.Core", "IBeam.Identity.Core\IBeam.Identity.Core.csproj", "{EB559C81-E283-4AAA-BE3A-9C919BDD9DE6}"
EndProject
Project("{FAE04EC0-301F-11D3-BF4B-00C04F79EFBC}") = "IBeam.Identity.Repositories.AzureTable", "IBeam.Identity.Repositories.AzureTable\IBeam.Identity.Repositories.AzureTable.csproj", "{211C25C1-1310-40A6-8520-9381D6B71435}"
EndProject
Project("{FAE04EC0-301F-11D3-BF4B-00C04F79EFBC}") = "IBeam.Identity.Repositories.EntityFramework", "IBeam.Identity.Repositories.EntityFramework\IBeam.Identity.Repositories.EntityFramework.csproj", "{59446BF1-7C30-4D55-A16D-71885EA0E2FA}"
EndProject
Project("{FAE04EC0-301F-11D3-BF4B-00C04F79EFBC}") = "IBeam.Identity.Api", "IBeam.Identity.Api\IBeam.Identity.Api.csproj", "{860E897B-0D38-4A96-949D-97F540EE012F}"
EndProject
Project("{FAE04EC0-301F-11D3-BF4B-00C04F79EFBC}") = "IBeam.Repositories.Abstractions", "IBeam.Repositories.Abstractions\IBeam.Repositories.Abstractions.csproj", "{674F7603-CEEF-4695-8446-C871880001EA}"
EndProject
Project("{FAE04EC0-301F-11D3-BF4B-00C04F79EFBC}") = "IBeam.Identity.Abstractions", "IBeam.Identity.Abstractions\IBeam.Identity.Abstractions.csproj", "{3B7185AD-8AD4-41D8-8D58-C48B1BB0289A}"
EndProject
Project("{FAE04EC0-301F-11D3-BF4B-00C04F79EFBC}") = "IBeam.Services.Abstractions", "IBeam.Services.Abstractions\IBeam.Services.Abstractions.csproj", "{4FC02E3F-E698-4F89-A90B-ECD636F0B30A}"
EndProject
Global
	GlobalSection(SolutionConfigurationPlatforms) = preSolution
		Debug|Any CPU = Debug|Any CPU
		Debug|x64 = Debug|x64
		Debug|x86 = Debug|x86
		Release|Any CPU = Release|Any CPU
		Release|x64 = Release|x64
		Release|x86 = Release|x86
	EndGlobalSection
	GlobalSection(ProjectConfigurationPlatforms) = postSolution
		{69E67E1E-F3A9-4F60-A873-B462CF28B3F4}.Debug|Any CPU.ActiveCfg = Debug|Any CPU
		{69E67E1E-F3A9-4F60-A873-B462CF28B3F4}.Debug|Any CPU.Build.0 = Debug|Any CPU
		{69E67E1E-F3A9-4F60-A873-B462CF28B3F4}.Debug|x64.ActiveCfg = Debug|Any CPU
		{69E67E1E-F3A9-4F60-A873-B462CF28B3F4}.Debug|x64.Build.0 = Debug|Any CPU
		{69E67E1E-F3A9-4F60-A873-B462CF28B3F4}.Debug|x86.ActiveCfg = Debug|Any CPU
		{69E67E1E-F3A9-4F60-A873-B462CF28B3F4}.Debug|x86.Build.0 = Debug|Any CPU
		{69E67E1E-F3A9-4F60-A873-B462CF28B3F4}.Release|Any CPU.ActiveCfg = Release|Any CPU
		{69E67E1E-F3A9-4F60-A873-B462CF28B3F4}.Release|Any CPU.Build.0 = Release|Any CPU
		{69E67E1E-F3A9-4F60-A873-B462CF28B3F4}.Release|x64.ActiveCfg = Release|Any CPU
		{69E67E1E-F3A9-4F60-A873-B462CF28B3F4}.Release|x64.Build.0 = Release|Any CPU
		{69E67E1E-F3A9-4F60-A873-B462CF28B3F4}.Release|x86.ActiveCfg = Release|Any CPU
		{69E67E1E-F3A9-4F60-A873-B462CF28B3F4}.Release|x86.Build.0 = Release|Any CPU
		{99679E7D-06AC-4B28-837C-881F89FD6CCC}.Debug|Any CPU.ActiveCfg = Debug|Any CPU
		{99679E7D-06AC-4B28-837C-881F89FD6CCC}.Debug|Any CPU.Build.0 = Debug|Any CPU
		{99679E7D-06AC-4B28-837C-881F89FD6CCC}.Debug|x64.ActiveCfg = Debug|Any CPU
		{99679E7D-06AC-4B28-837C-881F89FD6CCC}.Debug|x64.Build.0 = Debug|Any CPU
		{99679E7D-06AC-4B28-837C-881F89FD6CCC}.Debug|x86.ActiveCfg = Debug|Any CPU
		{99679E7D-06AC-4B28-837C-881F89FD6CCC}.Debug|x86.Build.0 = Debug|Any CPU
		{99679E7D-06AC-4B28-837C-881F89FD6CCC}.Release|Any CPU.ActiveCfg = Release|Any CPU
		{99679E7D-06AC-4B28-837C-881F89FD6CCC}.Release|Any CPU.Build.0 = Release|Any CPU
		{99679E7D-06AC-4B28-837C-881F89FD6CCC}.Release|x64.ActiveCfg = Release|Any CPU
		{99679E7D-06AC-4B28-837C-881F89FD6CCC}.Release|x64.Build.0 = Release|Any CPU
		{99679E7D-06AC-4B28-837C-881F89FD6CCC}.Release|x86.ActiveCfg = Release|Any CPU
		{99679E7D-06AC-4B28-837C-881F89FD6CCC}.Release|x86.Build.0 = Release|Any CPU
		{4B391E00-B89B-4EFC-A756-1E391BE3C78F}.Debug|Any CPU.ActiveCfg = Debug|Any CPU
		{4B391E00-B89B-4EFC-A756-1E391BE3C78F}.Debug|Any CPU.Build.0 = Debug|Any CPU
		{4B391E00-B89B-4EFC-A756-1E391BE3C78F}.Debug|x64.ActiveCfg = Debug|Any CPU
		{4B391E00-B89B-4EFC-A756-1E391BE3C78F}.Debug|x64.Build.0 = Debug|Any CPU
		{4B391E00-B89B-4EFC-A756-1E391BE3C78F}.Debug|x86.ActiveCfg = Debug|Any CPU
		{4B391E00-B89B-4EFC-A756-1E391BE3C78F}.Debug|x86.Build.0 = Debug|Any CPU
		{4B391E00-B89B-4EFC-A756-1E391BE3C78F}.Release|Any CPU.ActiveCfg = Release|Any CPU
		{4B391E00-B89B-4EFC-A756-1E391BE3C78F}.Release|Any CPU.Build.0 = Release|Any CPU
		{4B391E00-B89B-4EFC-A756-1E391BE3C78F}.Release|x64.ActiveCfg = Release|Any CPU
		{4B391E00-B89B-4EFC-A756-1E391BE3C78F}.Release|x64.Build.0 = Release|Any CPU
		{4B391E00-B89B-4EFC-A756-1E391BE3C78F}.Release|x86.ActiveCfg = Release|Any CPU
		{4B391E00-B89B-4EFC-A756-1E391BE3C78F}.Release|x86.Build.0 = Release|Any CPU
		{C9303440-912B-4F45-AFD1-B8E4711F32FB}.Debug|Any CPU.ActiveCfg = Debug|Any CPU
		{C9303440-912B-4F45-AFD1-B8E4711F32FB}.Debug|Any CPU.Build.0 = Debug|Any CPU
		{C9303440-912B-4F45-AFD1-B8E4711F32FB}.Debug|x64.ActiveCfg = Debug|Any CPU
		{C9303440-912B-4F45-AFD1-B8E4711F32FB}.Debug|x64.Build.0 = Debug|Any CPU
		{C9303440-912B-4F45-AFD1-B8E4711F32FB}.Debug|x86.ActiveCfg = Debug|Any CPU
		{C9303440-912B-4F45-AFD1-B8E4711F32FB}.Debug|x86.Build.0 = Debug|Any CPU
		{C9303440-912B-4F45-AFD1-B8E4711F32FB}.Release|Any CPU.ActiveCfg = Release|Any CPU
		{C9303440-912B-4F45-AFD1-B8E4711F32FB}.Release|Any CPU.Build.0 = Release|Any CPU
		{C9303440-912B-4F45-AFD1-B8E4711F32FB}.Release|x64.ActiveCfg = Release|Any CPU
		{C9303440-912B-4F45-AFD1-B8E4711F32FB}.Release|x64.Build.0 = Release|Any CPU
		{C9303440-912B-4F45-AFD1-B8E4711F32FB}.Release|x86.ActiveCfg = Release|Any CPU
		{C9303440-912B-4F45-AFD1-B8E4711F32FB}.Release|x86.Build.0 = Release|Any CPU
		{9AE867DB-5DD9-4C1E-9151-41FF27C15055}.Debug|Any CPU.ActiveCfg = Debug|Any CPU
		{9AE867DB-5DD9-4C1E-9151-41FF27C15055}.Debug|Any CPU.Build.0 = Debug|Any CPU
		{9AE867DB-5DD9-4C1E-9151-41FF27C15055}.Debug|x64.ActiveCfg = Debug|Any CPU
		{9AE867DB-5DD9-4C1E-9151-41FF27C15055}.Debug|x64.Build.0 = Debug|Any CPU
		{9AE867DB-5DD9-4C1E-9151-41FF27C15055}.Debug|x86.ActiveCfg = Debug|Any CPU
		{9AE867DB-5DD9-4C1E-9151-41FF27C15055}.Debug|x86.Build.0 = Debug|Any CPU
		{9AE867DB-5DD9-4C1E-9151-41FF27C15055}.Release|Any CPU.ActiveCfg = Release|Any CPU
		{9AE867DB-5DD9-4C1E-9151-41FF27C15055}.Release|Any CPU.Build.0 = Release|Any CPU
		{9AE867DB-5DD9-4C1E-9151-41FF27C15055}.Release|x64.ActiveCfg = Release|Any CPU
		{9AE867DB-5DD9-4C1E-9151-41FF27C15055}.Release|x64.Build.0 = Release|Any CPU
		{9AE867DB-5DD9-4C1E-9151-41FF27C15055}.Release|x86.ActiveCfg = Release|Any CPU
		{9AE867DB-5DD9-4C1E-9151-41FF27C15055}.Release|x86.Build.0 = Release|Any CPU
		{BFE6B193-CEBC-4D8A-BF61-FCF3354403BA}.Debug|Any CPU.ActiveCfg = Debug|Any CPU
		{BFE6B193-CEBC-4D8A-BF61-FCF3354403BA}.Debug|Any CPU.Build.0 = Debug|Any CPU
		{BFE6B193-CEBC-4D8A-BF61-FCF3354403BA}.Debug|x64.ActiveCfg = Debug|Any CPU
		{BFE6B193-CEBC-4D8A-BF61-FCF3354403BA}.Debug|x64.Build.0 = Debug|Any CPU
		{BFE6B193-CEBC-4D8A-BF61-FCF3354403BA}.Debug|x86.ActiveCfg = Debug|Any CPU
		{BFE6B193-CEBC-4D8A-BF61-FCF3354403BA}.Debug|x86.Build.0 = Debug|Any CPU
		{BFE6B193-CEBC-4D8A-BF61-FCF3354403BA}.Release|Any CPU.ActiveCfg = Release|Any CPU
		{BFE6B193-CEBC-4D8A-BF61-FCF3354403BA}.Release|Any CPU.Build.0 = Release|Any CPU
		{BFE6B193-CEBC-4D8A-BF61-FCF3354403BA}.Release|x64.ActiveCfg = Release|Any CPU
		{BFE6B193-CEBC-4D8A-BF61-FCF3354403BA}.Release|x64.Build.0 = Release|Any CPU
		{BFE6B193-CEBC-4D8A-BF61-FCF3354403BA}.Release|x86.ActiveCfg = Release|Any CPU
		{BFE6B193-CEBC-4D8A-BF61-FCF3354403BA}.Release|x86.Build.0 = Release|Any CPU
		{E85972E0-0F2D-4B4A-9AFA-2763D8BD89BB}.Debug|Any CPU.ActiveCfg = Debug|Any CPU
		{E85972E0-0F2D-4B4A-9AFA-2763D8BD89BB}.Debug|Any CPU.Build.0 = Debug|Any CPU
		{E85972E0-0F2D-4B4A-9AFA-2763D8BD89BB}.Debug|x64.ActiveCfg = Debug|Any CPU
		{E85972E0-0F2D-4B4A-9AFA-2763D8BD89BB}.Debug|x64.Build.0 = Debug|Any CPU
		{E85972E0-0F2D-4B4A-9AFA-2763D8BD89BB}.Debug|x86.ActiveCfg = Debug|Any CPU
		{E85972E0-0F2D-4B4A-9AFA-2763D8BD89BB}.Debug|x86.Build.0 = Debug|Any CPU
		{E85972E0-0F2D-4B4A-9AFA-2763D8BD89BB}.Release|Any CPU.ActiveCfg = Release|Any CPU
		{E85972E0-0F2D-4B4A-9AFA-2763D8BD89BB}.Release|Any CPU.Build.0 = Release|Any CPU
		{E85972E0-0F2D-4B4A-9AFA-2763D8BD89BB}.Release|x64.ActiveCfg = Release|Any CPU
		{E85972E0-0F2D-4B4A-9AFA-2763D8BD89BB}.Release|x64.Build.0 = Release|Any CPU
		{E85972E0-0F2D-4B4A-9AFA-2763D8BD89BB}.Release|x86.ActiveCfg = Release|Any CPU
		{E85972E0-0F2D-4B4A-9AFA-2763D8BD89BB}.Release|x86.Build.0 = Release|Any CPU
		{DF7C3152-D09B-4C2E-A7E9-3CEFF9C3C2F7}.Debug|Any CPU.ActiveCfg = Debug|Any CPU
		{DF7C3152-D09B-4C2E-A7E9-3CEFF9C3C2F7}.Debug|Any CPU.Build.0 = Debug|Any CPU
		{DF7C3152-D09B-4C2E-A7E9-3CEFF9C3C2F7}.Debug|x64.ActiveCfg = Debug|Any CPU
		{DF7C3152-D09B-4C2E-A7E9-3CEFF9C3C2F7}.Debug|x64.Build.0 = Debug|Any CPU
		{DF7C3152-D09B-4C2E-A7E9-3CEFF9C3C2F7}.Debug|x86.ActiveCfg = Debug|Any CPU
		{DF7C3152-D09B-4C2E-A7E9-3CEFF9C3C2F7}.Debug|x86.Build.0 = Debug|Any CPU
		{DF7C3152-D09B-4C2E-A7E9-3CEFF9C3C2F7}.Release|Any CPU.ActiveCfg = Release|Any CPU
		{DF7C3152-D09B-4C2E-A7E9-3CEFF9C3C2F7}.Release|Any CPU.Build.0 = Release|Any CPU
		{DF7C3152-D09B-4C2E-A7E9-3CEFF9C3C2F7}.Release|x64.ActiveCfg = Release|Any CPU
		{DF7C3152-D09B-4C2E-A7E9-3CEFF9C3C2F7}.Release|x64.Build.0 = Release|Any CPU
		{DF7C3152-D09B-4C2E-A7E9-3CEFF9C3C2F7}.Release|x86.ActiveCfg = Release|Any CPU
		{DF7C3152-D09B-4C2E-A7E9-3CEFF9C3C2F7}.Release|x86.Build.0 = Release|Any CPU
		{E44A6D5C-1BA3-47E3-8F61-8DA0E33E2528}.Debug|Any CPU.ActiveCfg = Debug|Any CPU
		{E44A6D5C-1BA3-47E3-8F61-8DA0E33E2528}.Debug|Any CPU.Build.0 = Debug|Any CPU
		{E44A6D5C-1BA3-47E3-8F61-8DA0E33E2528}.Debug|x64.ActiveCfg = Debug|Any CPU
		{E44A6D5C-1BA3-47E3-8F61-8DA0E33E2528}.Debug|x64.Build.0 = Debug|Any CPU
		{E44A6D5C-1BA3-47E3-8F61-8DA0E33E2528}.Debug|x86.ActiveCfg = Debug|Any CPU
		{E44A6D5C-1BA3-47E3-8F61-8DA0E33E2528}.Debug|x86.Build.0 = Debug|Any CPU
		{E44A6D5C-1BA3-47E3-8F61-8DA0E33E2528}.Release|Any CPU.ActiveCfg = Release|Any CPU
		{E44A6D5C-1BA3-47E3-8F61-8DA0E33E2528}.Release|Any CPU.Build.0 = Release|Any CPU
		{E44A6D5C-1BA3-47E3-8F61-8DA0E33E2528}.Release|x64.ActiveCfg = Release|Any CPU
		{E44A6D5C-1BA3-47E3-8F61-8DA0E33E2528}.Release|x64.Build.0 = Release|Any CPU
		{E44A6D5C-1BA3-47E3-8F61-8DA0E33E2528}.Release|x86.ActiveCfg = Release|Any CPU
		{E44A6D5C-1BA3-47E3-8F61-8DA0E33E2528}.Release|x86.Build.0 = Release|Any CPU
		{9241F4F1-3B76-4911-9E8B-571E462FF76C}.Debug|Any CPU.ActiveCfg = Debug|Any CPU
		{9241F4F1-3B76-4911-9E8B-571E462FF76C}.Debug|Any CPU.Build.0 = Debug|Any CPU
		{9241F4F1-3B76-4911-9E8B-571E462FF76C}.Debug|x64.ActiveCfg = Debug|Any CPU
		{9241F4F1-3B76-4911-9E8B-571E462FF76C}.Debug|x64.Build.0 = Debug|Any CPU
		{9241F4F1-3B76-4911-9E8B-571E462FF76C}.Debug|x86.ActiveCfg = Debug|Any CPU
		{9241F4F1-3B76-4911-9E8B-571E462FF76C}.Debug|x86.Build.0 = Debug|Any CPU
		{9241F4F1-3B76-4911-9E8B-571E462FF76C}.Release|Any CPU.ActiveCfg = Release|Any CPU
		{9241F4F1-3B76-4911-9E8B-571E462FF76C}.Release|Any CPU.Build.0 = Release|Any CPU
		{9241F4F1-3B76-4911-9E8B-571E462FF76C}.Release|x64.ActiveCfg = Release|Any CPU
		{9241F4F1-3B76-4911-9E8B-571E462FF76C}.Release|x64.Build.0 = Release|Any CPU
		{9241F4F1-3B76-4911-9E8B-571E462FF76C}.Release|x86.ActiveCfg = Release|Any CPU
		{9241F4F1-3B76-4911-9E8B-571E462FF76C}.Release|x86.Build.0 = Release|Any CPU
		{A6CA22C3-07D9-4E5C-924D-BC30703CCEFC}.Debug|Any CPU.ActiveCfg = Debug|Any CPU
		{A6CA22C3-07D9-4E5C-924D-BC30703CCEFC}.Debug|Any CPU.Build.0 = Debug|Any CPU
		{A6CA22C3-07D9-4E5C-924D-BC30703CCEFC}.Debug|x64.ActiveCfg = Debug|Any CPU
		{A6CA22C3-07D9-4E5C-924D-BC30703CCEFC}.Debug|x64.Build.0 = Debug|Any CPU
		{A6CA22C3-07D9-4E5C-924D-BC30703CCEFC}.Debug|x86.ActiveCfg = Debug|Any CPU
		{A6CA22C3-07D9-4E5C-924D-BC30703CCEFC}.Debug|x86.Build.0 = Debug|Any CPU
		{A6CA22C3-07D9-4E5C-924D-BC30703CCEFC}.Release|Any CPU.ActiveCfg = Release|Any CPU
		{A6CA22C3-07D9-4E5C-924D-BC30703CCEFC}.Release|Any CPU.Build.0 = Release|Any CPU
		{A6CA22C3-07D9-4E5C-924D-BC30703CCEFC}.Release|x64.ActiveCfg = Release|Any CPU
		{A6CA22C3-07D9-4E5C-924D-BC30703CCEFC}.Release|x64.Build.0 = Release|Any CPU
		{A6CA22C3-07D9-4E5C-924D-BC30703CCEFC}.Release|x86.ActiveCfg = Release|Any CPU
		{A6CA22C3-07D9-4E5C-924D-BC30703CCEFC}.Release|x86.Build.0 = Release|Any CPU
		{FCF98F02-F854-428E-8628-EA5766591781}.Debug|Any CPU.ActiveCfg = Debug|Any CPU
		{FCF98F02-F854-428E-8628-EA5766591781}.Debug|Any CPU.Build.0 = Debug|Any CPU
		{FCF98F02-F854-428E-8628-EA5766591781}.Debug|x64.ActiveCfg = Debug|Any CPU
		{FCF98F02-F854-428E-8628-EA5766591781}.Debug|x64.Build.0 = Debug|Any CPU
		{FCF98F02-F854-428E-8628-EA5766591781}.Debug|x86.ActiveCfg = Debug|Any CPU
		{FCF98F02-F854-428E-8628-EA5766591781}.Debug|x86.Build.0 = Debug|Any CPU
		{FCF98F02-F854-428E-8628-EA5766591781}.Release|Any CPU.ActiveCfg = Release|Any CPU
		{FCF98F02-F854-428E-8628-EA5766591781}.Release|Any CPU.Build.0 = Release|Any CPU
		{FCF98F02-F854-428E-8628-EA5766591781}.Release|x64.ActiveCfg = Release|Any CPU
		{FCF98F02-F854-428E-8628-EA5766591781}.Release|x64.Build.0 = Release|Any CPU
		{FCF98F02-F854-428E-8628-EA5766591781}.Release|x86.ActiveCfg = Release|Any CPU
		{FCF98F02-F854-428E-8628-EA5766591781}.Release|x86.Build.0 = Release|Any CPU
		{E24CE5F4-08C9-4C90-8831-D7B11F2B8BE5}.Debug|Any CPU.ActiveCfg = Debug|Any CPU
		{E24CE5F4-08C9-4C90-8831-D7B11F2B8BE5}.Debug|Any CPU.Build.0 = Debug|Any CPU
		{E24CE5F4-08C9-4C90-8831-D7B11F2B8BE5}.Debug|x64.ActiveCfg = Debug|Any CPU
		{E24CE5F4-08C9-4C90-8831-D7B11F2B8BE5}.Debug|x64.Build.0 = Debug|Any CPU
		{E24CE5F4-08C9-4C90-8831-D7B11F2B8BE5}.Debug|x86.ActiveCfg = Debug|Any CPU
		{E24CE5F4-08C9-4C90-8831-D7B11F2B8BE5}.Debug|x86.Build.0 = Debug|Any CPU
		{E24CE5F4-08C9-4C90-8831-D7B11F2B8BE5}.Release|Any CPU.ActiveCfg = Release|Any CPU
		{E24CE5F4-08C9-4C90-8831-D7B11F2B8BE5}.Release|Any CPU.Build.0 = Release|Any CPU
		{E24CE5F4-08C9-4C90-8831-D7B11F2B8BE5}.Release|x64.ActiveCfg = Release|Any CPU
		{E24CE5F4-08C9-4C90-8831-D7B11F2B8BE5}.Release|x64.Build.0 = Release|Any CPU
		{E24CE5F4-08C9-4C90-8831-D7B11F2B8BE5}.Release|x86.ActiveCfg = Release|Any CPU
		{E24CE5F4-08C9-4C90-8831-D7B11F2B8BE5}.Release|x86.Build.0 = Release|Any CPU
		{B2CBB97D-5860-4BD9-B871-20F1B3291897}.Debug|Any CPU.ActiveCfg = Debug|Any CPU
		{B2CBB97D-5860-4BD9-B871-20F1B3291897}.Debug|Any CPU.Build.0 = Debug|Any CPU
		{B2CBB97D-5860-4BD9-B871-20F1B3291897}.Debug|x64.ActiveCfg = Debug|Any CPU
		{B2CBB97D-5860-4BD9-B871-20F1B3291897}.Debug|x64.Build.0 = Debug|Any CPU
		{B2CBB97D-5860-4BD9-B871-20F1B3291897}.Debug|x86.ActiveCfg = Debug|Any CPU
		{B2CBB97D-5860-4BD9-B871-20F1B3291897}.Debug|x86.Build.0 = Debug|Any CPU
		{B2CBB97D-5860-4BD9-B871-20F1B3291897}.Release|Any CPU.ActiveCfg = Release|Any CPU
		{B2CBB97D-5860-4BD9-B871-20F1B3291897}.Release|Any CPU.Build.0 = Release|Any CPU
		{B2CBB97D-5860-4BD9-B871-20F1B3291897}.Release|x64.ActiveCfg = Release|Any CPU
		{B2CBB97D-5860-4BD9-B871-20F1B3291897}.Release|x64.Build.0 = Release|Any CPU
		{B2CBB97D-5860-4BD9-B871-20F1B3291897}.Release|x86.ActiveCfg = Release|Any CPU
		{B2CBB97D-5860-4BD9-B871-20F1B3291897}.Release|x86.Build.0 = Release|Any CPU
		{5F3FBF84-6F4F-4B03-AA45-567FB5A54EA1}.Debug|Any CPU.ActiveCfg = Debug|Any CPU
		{5F3FBF84-6F4F-4B03-AA45-567FB5A54EA1}.Debug|Any CPU.Build.0 = Debug|Any CPU
		{5F3FBF84-6F4F-4B03-AA45-567FB5A54EA1}.Debug|x64.ActiveCfg = Debug|Any CPU
		{5F3FBF84-6F4F-4B03-AA45-567FB5A54EA1}.Debug|x64.Build.0 = Debug|Any CPU
		{5F3FBF84-6F4F-4B03-AA45-567FB5A54EA1}.Debug|x86.ActiveCfg = Debug|Any CPU
		{5F3FBF84-6F4F-4B03-AA45-567FB5A54EA1}.Debug|x86.Build.0 = Debug|Any CPU
		{5F3FBF84-6F4F-4B03-AA45-567FB5A54EA1}.Release|Any CPU.ActiveCfg = Release|Any CPU
		{5F3FBF84-6F4F-4B03-AA45-567FB5A54EA1}.Release|Any CPU.Build.0 = Release|Any CPU
		{5F3FBF84-6F4F-4B03-AA45-567FB5A54EA1}.Release|x64.ActiveCfg = Release|Any CPU
		{5F3FBF84-6F4F-4B03-AA45-567FB5A54EA1}.Release|x64.Build.0 = Release|Any CPU
		{5F3FBF84-6F4F-4B03-AA45-567FB5A54EA1}.Release|x86.ActiveCfg = Release|Any CPU
		{5F3FBF84-6F4F-4B03-AA45-567FB5A54EA1}.Release|x86.Build.0 = Release|Any CPU
		{1FD7CE5F-7F04-4517-97E5-5F9F2F3DF0BC}.Debug|Any CPU.ActiveCfg = Debug|Any CPU
		{1FD7CE5F-7F04-4517-97E5-5F9F2F3DF0BC}.Debug|Any CPU.Build.0 = Debug|Any CPU
		{1FD7CE5F-7F04-4517-97E5-5F9F2F3DF0BC}.Debug|x64.ActiveCfg = Debug|Any CPU
		{1FD7CE5F-7F04-4517-97E5-5F9F2F3DF0BC}.Debug|x64.Build.0 = Debug|Any CPU
		{1FD7CE5F-7F04-4517-97E5-5F9F2F3DF0BC}.Debug|x86.ActiveCfg = Debug|Any CPU
		{1FD7CE5F-7F04-4517-97E5-5F9F2F3DF0BC}.Debug|x86.Build.0 = Debug|Any CPU
		{1FD7CE5F-7F04-4517-97E5-5F9F2F3DF0BC}.Release|Any CPU.ActiveCfg = Release|Any CPU
		{1FD7CE5F-7F04-4517-97E5-5F9F2F3DF0BC}.Release|Any CPU.Build.0 = Release|Any CPU
		{1FD7CE5F-7F04-4517-97E5-5F9F2F3DF0BC}.Release|x64.ActiveCfg = Release|Any CPU
		{1FD7CE5F-7F04-4517-97E5-5F9F2F3DF0BC}.Release|x64.Build.0 = Release|Any CPU
		{1FD7CE5F-7F04-4517-97E5-5F9F2F3DF0BC}.Release|x86.ActiveCfg = Release|Any CPU
		{1FD7CE5F-7F04-4517-97E5-5F9F2F3DF0BC}.Release|x86.Build.0 = Release|Any CPU
		{EB559C81-E283-4AAA-BE3A-9C919BDD9DE6}.Debug|Any CPU.ActiveCfg = Debug|Any CPU
		{EB559C81-E283-4AAA-BE3A-9C919BDD9DE6}.Debug|Any CPU.Build.0 = Debug|Any CPU
		{EB559C81-E283-4AAA-BE3A-9C919BDD9DE6}.Debug|x64.ActiveCfg = Debug|Any CPU
		{EB559C81-E283-4AAA-BE3A-9C919BDD9DE6}.Debug|x64.Build.0 = Debug|Any CPU
		{EB559C81-E283-4AAA-BE3A-9C919BDD9DE6}.Debug|x86.ActiveCfg = Debug|Any CPU
		{EB559C81-E283-4AAA-BE3A-9C919BDD9DE6}.Debug|x86.Build.0 = Debug|Any CPU
		{EB559C81-E283-4AAA-BE3A-9C919BDD9DE6}.Release|Any CPU.ActiveCfg = Release|Any CPU
		{EB559C81-E283-4AAA-BE3A-9C919BDD9DE6}.Release|Any CPU.Build.0 = Release|Any CPU
		{EB559C81-E283-4AAA-BE3A-9C919BDD9DE6}.Release|x64.ActiveCfg = Release|Any CPU
		{EB559C81-E283-4AAA-BE3A-9C919BDD9DE6}.Release|x64.Build.0 = Release|Any CPU
		{EB559C81-E283-4AAA-BE3A-9C919BDD9DE6}.Release|x86.ActiveCfg = Release|Any CPU
		{EB559C81-E283-4AAA-BE3A-9C919BDD9DE6}.Release|x86.Build.0 = Release|Any CPU
		{211C25C1-1310-40A6-8520-9381D6B71435}.Debug|Any CPU.ActiveCfg = Debug|Any CPU
		{211C25C1-1310-40A6-8520-9381D6B71435}.Debug|Any CPU.Build.0 = Debug|Any CPU
		{211C25C1-1310-40A6-8520-9381D6B71435}.Debug|x64.ActiveCfg = Debug|Any CPU
		{211C25C1-1310-40A6-8520-9381D6B71435}.Debug|x64.Build.0 = Debug|Any CPU
		{211C25C1-1310-40A6-8520-9381D6B71435}.Debug|x86.ActiveCfg = Debug|Any CPU
		{211C25C1-1310-40A6-8520-9381D6B71435}.Debug|x86.Build.0 = Debug|Any CPU
		{211C25C1-1310-40A6-8520-9381D6B71435}.Release|Any CPU.ActiveCfg = Release|Any CPU
		{211C25C1-1310-40A6-8520-9381D6B71435}.Release|Any CPU.Build.0 = Release|Any CPU
		{211C25C1-1310-40A6-8520-9381D6B71435}.Release|x64.ActiveCfg = Release|Any CPU
		{211C25C1-1310-40A6-8520-9381D6B71435}.Release|x64.Build.0 = Release|Any CPU
		{211C25C1-1310-40A6-8520-9381D6B71435}.Release|x86.ActiveCfg = Release|Any CPU
		{211C25C1-1310-40A6-8520-9381D6B71435}.Release|x86.Build.0 = Release|Any CPU
		{59446BF1-7C30-4D55-A16D-71885EA0E2FA}.Debug|Any CPU.ActiveCfg = Debug|Any CPU
		{59446BF1-7C30-4D55-A16D-71885EA0E2FA}.Debug|Any CPU.Build.0 = Debug|Any CPU
		{59446BF1-7C30-4D55-A16D-71885EA0E2FA}.Debug|x64.ActiveCfg = Debug|Any CPU
		{59446BF1-7C30-4D55-A16D-71885EA0E2FA}.Debug|x64.Build.0 = Debug|Any CPU
		{59446BF1-7C30-4D55-A16D-71885EA0E2FA}.Debug|x86.ActiveCfg = Debug|Any CPU
		{59446BF1-7C30-4D55-A16D-71885EA0E2FA}.Debug|x86.Build.0 = Debug|Any CPU
		{59446BF1-7C30-4D55-A16D-71885EA0E2FA}.Release|Any CPU.ActiveCfg = Release|Any CPU
		{59446BF1-7C30-4D55-A16D-71885EA0E2FA}.Release|Any CPU.Build.0 = Release|Any CPU
		{59446BF1-7C30-4D55-A16D-71885EA0E2FA}.Release|x64.ActiveCfg = Release|Any CPU
		{59446BF1-7C30-4D55-A16D-71885EA0E2FA}.Release|x64.Build.0 = Release|Any CPU
		{59446BF1-7C30-4D55-A16D-71885EA0E2FA}.Release|x86.ActiveCfg = Release|Any CPU
		{59446BF1-7C30-4D55-A16D-71885EA0E2FA}.Release|x86.Build.0 = Release|Any CPU
		{860E897B-0D38-4A96-949D-97F540EE012F}.Debug|Any CPU.ActiveCfg = Debug|Any CPU
		{860E897B-0D38-4A96-949D-97F540EE012F}.Debug|Any CPU.Build.0 = Debug|Any CPU
		{860E897B-0D38-4A96-949D-97F540EE012F}.Debug|x64.ActiveCfg = Debug|Any CPU
		{860E897B-0D38-4A96-949D-97F540EE012F}.Debug|x64.Build.0 = Debug|Any CPU
		{860E897B-0D38-4A96-949D-97F540EE012F}.Debug|x86.ActiveCfg = Debug|Any CPU
		{860E897B-0D38-4A96-949D-97F540EE012F}.Debug|x86.Build.0 = Debug|Any CPU
		{860E897B-0D38-4A96-949D-97F540EE012F}.Release|Any CPU.ActiveCfg = Release|Any CPU
		{860E897B-0D38-4A96-949D-97F540EE012F}.Release|Any CPU.Build.0 = Release|Any CPU
		{860E897B-0D38-4A96-949D-97F540EE012F}.Release|x64.ActiveCfg = Release|Any CPU
		{860E897B-0D38-4A96-949D-97F540EE012F}.Release|x64.Build.0 = Release|Any CPU
		{860E897B-0D38-4A96-949D-97F540EE012F}.Release|x86.ActiveCfg = Release|Any CPU
		{860E897B-0D38-4A96-949D-97F540EE012F}.Release|x86.Build.0 = Release|Any CPU
		{674F7603-CEEF-4695-8446-C871880001EA}.Debug|Any CPU.ActiveCfg = Debug|Any CPU
		{674F7603-CEEF-4695-8446-C871880001EA}.Debug|Any CPU.Build.0 = Debug|Any CPU
		{674F7603-CEEF-4695-8446-C871880001EA}.Debug|x64.ActiveCfg = Debug|Any CPU
		{674F7603-CEEF-4695-8446-C871880001EA}.Debug|x64.Build.0 = Debug|Any CPU
		{674F7603-CEEF-4695-8446-C871880001EA}.Debug|x86.ActiveCfg = Debug|Any CPU
		{674F7603-CEEF-4695-8446-C871880001EA}.Debug|x86.Build.0 = Debug|Any CPU
		{674F7603-CEEF-4695-8446-C871880001EA}.Release|Any CPU.ActiveCfg = Release|Any CPU
		{674F7603-CEEF-4695-8446-C871880001EA}.Release|Any CPU.Build.0 = Release|Any CPU
		{674F7603-CEEF-4695-8446-C871880001EA}.Release|x64.ActiveCfg = Release|Any CPU
		{674F7603-CEEF-4695-8446-C871880001EA}.Release|x64.Build.0 = Release|Any CPU
		{674F7603-CEEF-4695-8446-C871880001EA}.Release|x86.ActiveCfg = Release|Any CPU
		{674F7603-CEEF-4695-8446-C871880001EA}.Release|x86.Build.0 = Release|Any CPU
		{3B7185AD-8AD4-41D8-8D58-C48B1BB0289A}.Debug|Any CPU.ActiveCfg = Debug|Any CPU
		{3B7185AD-8AD4-41D8-8D58-C48B1BB0289A}.Debug|Any CPU.Build.0 = Debug|Any CPU
		{3B7185AD-8AD4-41D8-8D58-C48B1BB0289A}.Debug|x64.ActiveCfg = Debug|Any CPU
		{3B7185AD-8AD4-41D8-8D58-C48B1BB0289A}.Debug|x64.Build.0 = Debug|Any CPU
		{3B7185AD-8AD4-41D8-8D58-C48B1BB0289A}.Debug|x86.ActiveCfg = Debug|Any CPU
		{3B7185AD-8AD4-41D8-8D58-C48B1BB0289A}.Debug|x86.Build.0 = Debug|Any CPU
		{3B7185AD-8AD4-41D8-8D58-C48B1BB0289A}.Release|Any CPU.ActiveCfg = Release|Any CPU
		{3B7185AD-8AD4-41D8-8D58-C48B1BB0289A}.Release|Any CPU.Build.0 = Release|Any CPU
		{3B7185AD-8AD4-41D8-8D58-C48B1BB0289A}.Release|x64.ActiveCfg = Release|Any CPU
		{3B7185AD-8AD4-41D8-8D58-C48B1BB0289A}.Release|x64.Build.0 = Release|Any CPU
		{3B7185AD-8AD4-41D8-8D58-C48B1BB0289A}.Release|x86.ActiveCfg = Release|Any CPU
		{3B7185AD-8AD4-41D8-8D58-C48B1BB0289A}.Release|x86.Build.0 = Release|Any CPU
		{4FC02E3F-E698-4F89-A90B-ECD636F0B30A}.Debug|Any CPU.ActiveCfg = Debug|Any CPU
		{4FC02E3F-E698-4F89-A90B-ECD636F0B30A}.Debug|Any CPU.Build.0 = Debug|Any CPU
		{4FC02E3F-E698-4F89-A90B-ECD636F0B30A}.Debug|x64.ActiveCfg = Debug|Any CPU
		{4FC02E3F-E698-4F89-A90B-ECD636F0B30A}.Debug|x64.Build.0 = Debug|Any CPU
		{4FC02E3F-E698-4F89-A90B-ECD636F0B30A}.Debug|x86.ActiveCfg = Debug|Any CPU
		{4FC02E3F-E698-4F89-A90B-ECD636F0B30A}.Debug|x86.Build.0 = Debug|Any CPU
		{4FC02E3F-E698-4F89-A90B-ECD636F0B30A}.Release|Any CPU.ActiveCfg = Release|Any CPU
		{4FC02E3F-E698-4F89-A90B-ECD636F0B30A}.Release|Any CPU.Build.0 = Release|Any CPU
		{4FC02E3F-E698-4F89-A90B-ECD636F0B30A}.Release|x64.ActiveCfg = Release|Any CPU
		{4FC02E3F-E698-4F89-A90B-ECD636F0B30A}.Release|x64.Build.0 = Release|Any CPU
		{4FC02E3F-E698-4F89-A90B-ECD636F0B30A}.Release|x86.ActiveCfg = Release|Any CPU
		{4FC02E3F-E698-4F89-A90B-ECD636F0B30A}.Release|x86.Build.0 = Release|Any CPU
	EndGlobalSection
	GlobalSection(SolutionProperties) = preSolution
		HideSolutionNode = FALSE
	EndGlobalSection
	GlobalSection(ExtensibilityGlobals) = postSolution
		SolutionGuid = {4E5BB316-0A87-4D26-93E9-7867230AC531}
	EndGlobalSection
EndGlobal
